// !$*UTF8*$!
{
	archiveVersion = 1;
	classes = {
	};
	objectVersion = 56;
	objects = {

/* Begin PBXBuildFile section */
		3E2DA2742A2F76F9001D9352 /* GGLWaterFallFlowLayout.swift in Sources */ = {isa = PBXBuildFile; fileRef = 3E2DA2732A2F76F9001D9352 /* GGLWaterFallFlowLayout.swift */; };
		3ED90BE72A2E24410079B4D3 /* AppDelegate.swift in Sources */ = {isa = PBXBuildFile; fileRef = 3ED90BE62A2E24410079B4D3 /* AppDelegate.swift */; };
		3ED90BE92A2E24410079B4D3 /* SceneDelegate.swift in Sources */ = {isa = PBXBuildFile; fileRef = 3ED90BE82A2E24410079B4D3 /* SceneDelegate.swift */; };
		3ED90BEB2A2E24410079B4D3 /* GGLHomeViewController.swift in Sources */ = {isa = PBXBuildFile; fileRef = 3ED90BEA2A2E24410079B4D3 /* GGLHomeViewController.swift */; };
		3ED90BF02A2E24420079B4D3 /* Assets.xcassets in Resources */ = {isa = PBXBuildFile; fileRef = 3ED90BEF2A2E24420079B4D3 /* Assets.xcassets */; };
		3ED90BF32A2E24420079B4D3 /* LaunchScreen.storyboard in Resources */ = {isa = PBXBuildFile; fileRef = 3ED90BF12A2E24420079B4D3 /* LaunchScreen.storyboard */; };
		3ED90BFB2A2E31A90079B4D3 /* GGLTabBarController.swift in Sources */ = {isa = PBXBuildFile; fileRef = 3ED90BFA2A2E31A90079B4D3 /* GGLTabBarController.swift */; };
		3ED90BFE2A2E4A200079B4D3 /* UIImage+GGL.swift in Sources */ = {isa = PBXBuildFile; fileRef = 3ED90BFD2A2E4A200079B4D3 /* UIImage+GGL.swift */; };
		3ED90C022A2E4DED0079B4D3 /* GGLHomeRecommendCell.swift in Sources */ = {isa = PBXBuildFile; fileRef = 3ED90C012A2E4DED0079B4D3 /* GGLHomeRecommendCell.swift */; };
		3ED90C052A2E54580079B4D3 /* GGLPersonalViewController.swift in Sources */ = {isa = PBXBuildFile; fileRef = 3ED90C042A2E54580079B4D3 /* GGLPersonalViewController.swift */; };
		3ED90C072A2E59F40079B4D3 /* GGLTopicViewController.swift in Sources */ = {isa = PBXBuildFile; fileRef = 3ED90C062A2E59F40079B4D3 /* GGLTopicViewController.swift */; };
		3ED90C0A2A2E5A870079B4D3 /* GGLBaseViewController.swift in Sources */ = {isa = PBXBuildFile; fileRef = 3ED90C092A2E5A870079B4D3 /* GGLBaseViewController.swift */; };
		3ED90C0E2A2E5E490079B4D3 /* GGLGlobalImport.swift in Sources */ = {isa = PBXBuildFile; fileRef = 3ED90C0D2A2E5E490079B4D3 /* GGLGlobalImport.swift */; };
		3ED90C112A2E620B0079B4D3 /* GGLBaseNavigationController.swift in Sources */ = {isa = PBXBuildFile; fileRef = 3ED90C102A2E620B0079B4D3 /* GGLBaseNavigationController.swift */; };
		3EF2266E2A2FA4AA00553325 /* UIFont+GGL.swift in Sources */ = {isa = PBXBuildFile; fileRef = 3EF2266D2A2FA4AA00553325 /* UIFont+GGL.swift */; };
		93F1242499CE7D731BC833A8 /* Pods_GouGouLiu.framework in Frameworks */ = {isa = PBXBuildFile; fileRef = 997C3F54446B81575D166583 /* Pods_GouGouLiu.framework */; };
/* End PBXBuildFile section */

/* Begin PBXFileReference section */
		20732876E0B494D5AF100F24 /* Pods-GouGouLiu.debug.xcconfig */ = {isa = PBXFileReference; includeInIndex = 1; lastKnownFileType = text.xcconfig; name = "Pods-GouGouLiu.debug.xcconfig"; path = "Target Support Files/Pods-GouGouLiu/Pods-GouGouLiu.debug.xcconfig"; sourceTree = "<group>"; };
		3E2DA2732A2F76F9001D9352 /* GGLWaterFallFlowLayout.swift */ = {isa = PBXFileReference; lastKnownFileType = sourcecode.swift; path = GGLWaterFallFlowLayout.swift; sourceTree = "<group>"; };
		3ED90BE32A2E24410079B4D3 /* GouGouLiu.app */ = {isa = PBXFileReference; explicitFileType = wrapper.application; includeInIndex = 0; path = GouGouLiu.app; sourceTree = BUILT_PRODUCTS_DIR; };
		3ED90BE62A2E24410079B4D3 /* AppDelegate.swift */ = {isa = PBXFileReference; lastKnownFileType = sourcecode.swift; path = AppDelegate.swift; sourceTree = "<group>"; };
		3ED90BE82A2E24410079B4D3 /* SceneDelegate.swift */ = {isa = PBXFileReference; lastKnownFileType = sourcecode.swift; path = SceneDelegate.swift; sourceTree = "<group>"; };
		3ED90BEA2A2E24410079B4D3 /* GGLHomeViewController.swift */ = {isa = PBXFileReference; lastKnownFileType = sourcecode.swift; path = GGLHomeViewController.swift; sourceTree = "<group>"; };
		3ED90BEF2A2E24420079B4D3 /* Assets.xcassets */ = {isa = PBXFileReference; lastKnownFileType = folder.assetcatalog; path = Assets.xcassets; sourceTree = "<group>"; };
		3ED90BF22A2E24420079B4D3 /* Base */ = {isa = PBXFileReference; lastKnownFileType = file.storyboard; name = Base; path = Base.lproj/LaunchScreen.storyboard; sourceTree = "<group>"; };
		3ED90BF42A2E24420079B4D3 /* Info.plist */ = {isa = PBXFileReference; lastKnownFileType = text.plist.xml; path = Info.plist; sourceTree = "<group>"; };
		3ED90BFA2A2E31A90079B4D3 /* GGLTabBarController.swift */ = {isa = PBXFileReference; lastKnownFileType = sourcecode.swift; path = GGLTabBarController.swift; sourceTree = "<group>"; };
		3ED90BFD2A2E4A200079B4D3 /* UIImage+GGL.swift */ = {isa = PBXFileReference; lastKnownFileType = sourcecode.swift; path = "UIImage+GGL.swift"; sourceTree = "<group>"; };
		3ED90C012A2E4DED0079B4D3 /* GGLHomeRecommendCell.swift */ = {isa = PBXFileReference; lastKnownFileType = sourcecode.swift; path = GGLHomeRecommendCell.swift; sourceTree = "<group>"; };
		3ED90C042A2E54580079B4D3 /* GGLPersonalViewController.swift */ = {isa = PBXFileReference; lastKnownFileType = sourcecode.swift; path = GGLPersonalViewController.swift; sourceTree = "<group>"; };
		3ED90C062A2E59F40079B4D3 /* GGLTopicViewController.swift */ = {isa = PBXFileReference; lastKnownFileType = sourcecode.swift; path = GGLTopicViewController.swift; sourceTree = "<group>"; };
		3ED90C092A2E5A870079B4D3 /* GGLBaseViewController.swift */ = {isa = PBXFileReference; lastKnownFileType = sourcecode.swift; path = GGLBaseViewController.swift; sourceTree = "<group>"; };
		3ED90C0D2A2E5E490079B4D3 /* GGLGlobalImport.swift */ = {isa = PBXFileReference; lastKnownFileType = sourcecode.swift; path = GGLGlobalImport.swift; sourceTree = "<group>"; };
		3ED90C102A2E620B0079B4D3 /* GGLBaseNavigationController.swift */ = {isa = PBXFileReference; lastKnownFileType = sourcecode.swift; path = GGLBaseNavigationController.swift; sourceTree = "<group>"; };
		3EF2266D2A2FA4AA00553325 /* UIFont+GGL.swift */ = {isa = PBXFileReference; lastKnownFileType = sourcecode.swift; path = "UIFont+GGL.swift"; sourceTree = "<group>"; };
		997C3F54446B81575D166583 /* Pods_GouGouLiu.framework */ = {isa = PBXFileReference; explicitFileType = wrapper.framework; includeInIndex = 0; path = Pods_GouGouLiu.framework; sourceTree = BUILT_PRODUCTS_DIR; };
		EFC02D02FD232B01697F298E /* Pods-GouGouLiu.release.xcconfig */ = {isa = PBXFileReference; includeInIndex = 1; lastKnownFileType = text.xcconfig; name = "Pods-GouGouLiu.release.xcconfig"; path = "Target Support Files/Pods-GouGouLiu/Pods-GouGouLiu.release.xcconfig"; sourceTree = "<group>"; };
/* End PBXFileReference section */

/* Begin PBXFrameworksBuildPhase section */
		3ED90BE02A2E24410079B4D3 /* Frameworks */ = {
			isa = PBXFrameworksBuildPhase;
			buildActionMask = 2147483647;
			files = (
				93F1242499CE7D731BC833A8 /* Pods_GouGouLiu.framework in Frameworks */,
			);
			runOnlyForDeploymentPostprocessing = 0;
		};
/* End PBXFrameworksBuildPhase section */

/* Begin PBXGroup section */
		07BF59E56E0A7A83E577D050 /* Pods */ = {
			isa = PBXGroup;
			children = (
				20732876E0B494D5AF100F24 /* Pods-GouGouLiu.debug.xcconfig */,
				EFC02D02FD232B01697F298E /* Pods-GouGouLiu.release.xcconfig */,
			);
			path = Pods;
			sourceTree = "<group>";
		};
		3E2DA2752A2F8455001D9352 /* Layout */ = {
			isa = PBXGroup;
			children = (
				3E2DA2732A2F76F9001D9352 /* GGLWaterFallFlowLayout.swift */,
			);
			path = Layout;
			sourceTree = "<group>";
		};
		3E2DA2762A2F845E001D9352 /* View */ = {
			isa = PBXGroup;
			children = (
				3ED90C012A2E4DED0079B4D3 /* GGLHomeRecommendCell.swift */,
			);
			path = View;
			sourceTree = "<group>";
		};
		3ED90BDA2A2E24410079B4D3 = {
			isa = PBXGroup;
			children = (
				3ED90BE52A2E24410079B4D3 /* GouGouLiu */,
				3ED90BE42A2E24410079B4D3 /* Products */,
				07BF59E56E0A7A83E577D050 /* Pods */,
				9784F76E01C5AE95F2A539B8 /* Frameworks */,
			);
			sourceTree = "<group>";
		};
		3ED90BE42A2E24410079B4D3 /* Products */ = {
			isa = PBXGroup;
			children = (
				3ED90BE32A2E24410079B4D3 /* GouGouLiu.app */,
			);
			name = Products;
			sourceTree = "<group>";
		};
		3ED90BE52A2E24410079B4D3 /* GouGouLiu */ = {
			isa = PBXGroup;
			children = (
				3ED90BE62A2E24410079B4D3 /* AppDelegate.swift */,
				3ED90BE82A2E24410079B4D3 /* SceneDelegate.swift */,
				3ED90BFA2A2E31A90079B4D3 /* GGLTabBarController.swift */,
				3ED90C002A2E4CFA0079B4D3 /* Home */,
				3ED90C032A2E543A0079B4D3 /* Personal */,
				3ED90C082A2E5A1E0079B4D3 /* Topic */,
				3ED90C0B2A2E5AB30079B4D3 /* Base */,
				3ED90BFC2A2E49E30079B4D3 /* Utilities */,
				3ED90C0F2A2E5E780079B4D3 /* Support */,
			);
			path = GouGouLiu;
			sourceTree = "<group>";
		};
		3ED90BFC2A2E49E30079B4D3 /* Utilities */ = {
			isa = PBXGroup;
			children = (
				3ED90BFD2A2E4A200079B4D3 /* UIImage+GGL.swift */,
				3EF2266D2A2FA4AA00553325 /* UIFont+GGL.swift */,
			);
			path = Utilities;
			sourceTree = "<group>";
		};
		3ED90C002A2E4CFA0079B4D3 /* Home */ = {
			isa = PBXGroup;
			children = (
				3ED90BEA2A2E24410079B4D3 /* GGLHomeViewController.swift */,
				3E2DA2762A2F845E001D9352 /* View */,
				3E2DA2752A2F8455001D9352 /* Layout */,
			);
			path = Home;
			sourceTree = "<group>";
		};
		3ED90C032A2E543A0079B4D3 /* Personal */ = {
			isa = PBXGroup;
			children = (
				3ED90C042A2E54580079B4D3 /* GGLPersonalViewController.swift */,
			);
			path = Personal;
			sourceTree = "<group>";
		};
		3ED90C082A2E5A1E0079B4D3 /* Topic */ = {
			isa = PBXGroup;
			children = (
				3ED90C062A2E59F40079B4D3 /* GGLTopicViewController.swift */,
			);
			path = Topic;
			sourceTree = "<group>";
		};
		3ED90C0B2A2E5AB30079B4D3 /* Base */ = {
			isa = PBXGroup;
			children = (
				3ED90C092A2E5A870079B4D3 /* GGLBaseViewController.swift */,
				3ED90C102A2E620B0079B4D3 /* GGLBaseNavigationController.swift */,
			);
			path = Base;
			sourceTree = "<group>";
		};
		3ED90C0F2A2E5E780079B4D3 /* Support */ = {
			isa = PBXGroup;
			children = (
				3ED90C0D2A2E5E490079B4D3 /* GGLGlobalImport.swift */,
				3ED90BEF2A2E24420079B4D3 /* Assets.xcassets */,
				3ED90BF12A2E24420079B4D3 /* LaunchScreen.storyboard */,
				3ED90BF42A2E24420079B4D3 /* Info.plist */,
			);
			path = Support;
			sourceTree = "<group>";
		};
		9784F76E01C5AE95F2A539B8 /* Frameworks */ = {
			isa = PBXGroup;
			children = (
				997C3F54446B81575D166583 /* Pods_GouGouLiu.framework */,
			);
			name = Frameworks;
			sourceTree = "<group>";
		};
/* End PBXGroup section */

/* Begin PBXNativeTarget section */
		3ED90BE22A2E24410079B4D3 /* GouGouLiu */ = {
			isa = PBXNativeTarget;
			buildConfigurationList = 3ED90BF72A2E24420079B4D3 /* Build configuration list for PBXNativeTarget "GouGouLiu" */;
			buildPhases = (
				98530A416904CEC4A20FCF0B /* [CP] Check Pods Manifest.lock */,
				3ED90BDF2A2E24410079B4D3 /* Sources */,
				3ED90BE02A2E24410079B4D3 /* Frameworks */,
				3ED90BE12A2E24410079B4D3 /* Resources */,
				3C64236BEDD1772869D03754 /* [CP] Embed Pods Frameworks */,
			);
			buildRules = (
			);
			dependencies = (
			);
			name = GouGouLiu;
			productName = GouGouLiu;
			productReference = 3ED90BE32A2E24410079B4D3 /* GouGouLiu.app */;
			productType = "com.apple.product-type.application";
		};
/* End PBXNativeTarget section */

/* Begin PBXProject section */
		3ED90BDB2A2E24410079B4D3 /* Project object */ = {
			isa = PBXProject;
			attributes = {
				BuildIndependentTargetsInParallel = 1;
				LastSwiftUpdateCheck = 1420;
				LastUpgradeCheck = 1420;
				TargetAttributes = {
					3ED90BE22A2E24410079B4D3 = {
						CreatedOnToolsVersion = 14.2;
					};
				};
			};
			buildConfigurationList = 3ED90BDE2A2E24410079B4D3 /* Build configuration list for PBXProject "GouGouLiu" */;
			compatibilityVersion = "Xcode 14.0";
			developmentRegion = en;
			hasScannedForEncodings = 0;
			knownRegions = (
				en,
				Base,
			);
			mainGroup = 3ED90BDA2A2E24410079B4D3;
			productRefGroup = 3ED90BE42A2E24410079B4D3 /* Products */;
			projectDirPath = "";
			projectRoot = "";
			targets = (
				3ED90BE22A2E24410079B4D3 /* GouGouLiu */,
			);
		};
/* End PBXProject section */

/* Begin PBXResourcesBuildPhase section */
		3ED90BE12A2E24410079B4D3 /* Resources */ = {
			isa = PBXResourcesBuildPhase;
			buildActionMask = 2147483647;
			files = (
				3ED90BF32A2E24420079B4D3 /* LaunchScreen.storyboard in Resources */,
				3ED90BF02A2E24420079B4D3 /* Assets.xcassets in Resources */,
			);
			runOnlyForDeploymentPostprocessing = 0;
		};
/* End PBXResourcesBuildPhase section */

/* Begin PBXShellScriptBuildPhase section */
		3C64236BEDD1772869D03754 /* [CP] Embed Pods Frameworks */ = {
			isa = PBXShellScriptBuildPhase;
			buildActionMask = 2147483647;
			files = (
			);
			inputFileListPaths = (
				"${PODS_ROOT}/Target Support Files/Pods-GouGouLiu/Pods-GouGouLiu-frameworks-${CONFIGURATION}-input-files.xcfilelist",
			);
			name = "[CP] Embed Pods Frameworks";
			outputFileListPaths = (
				"${PODS_ROOT}/Target Support Files/Pods-GouGouLiu/Pods-GouGouLiu-frameworks-${CONFIGURATION}-output-files.xcfilelist",
			);
			runOnlyForDeploymentPostprocessing = 0;
			shellPath = /bin/sh;
			shellScript = "\"${PODS_ROOT}/Target Support Files/Pods-GouGouLiu/Pods-GouGouLiu-frameworks.sh\"\n";
			showEnvVarsInLog = 0;
		};
		98530A416904CEC4A20FCF0B /* [CP] Check Pods Manifest.lock */ = {
			isa = PBXShellScriptBuildPhase;
			buildActionMask = 2147483647;
			files = (
			);
			inputFileListPaths = (
			);
			inputPaths = (
				"${PODS_PODFILE_DIR_PATH}/Podfile.lock",
				"${PODS_ROOT}/Manifest.lock",
			);
			name = "[CP] Check Pods Manifest.lock";
			outputFileListPaths = (
			);
			outputPaths = (
				"$(DERIVED_FILE_DIR)/Pods-GouGouLiu-checkManifestLockResult.txt",
			);
			runOnlyForDeploymentPostprocessing = 0;
			shellPath = /bin/sh;
			shellScript = "diff \"${PODS_PODFILE_DIR_PATH}/Podfile.lock\" \"${PODS_ROOT}/Manifest.lock\" > /dev/null\nif [ $? != 0 ] ; then\n    # print error to STDERR\n    echo \"error: The sandbox is not in sync with the Podfile.lock. Run 'pod install' or update your CocoaPods installation.\" >&2\n    exit 1\nfi\n# This output is used by Xcode 'outputs' to avoid re-running this script phase.\necho \"SUCCESS\" > \"${SCRIPT_OUTPUT_FILE_0}\"\n";
			showEnvVarsInLog = 0;
		};
/* End PBXShellScriptBuildPhase section */

/* Begin PBXSourcesBuildPhase section */
		3ED90BDF2A2E24410079B4D3 /* Sources */ = {
			isa = PBXSourcesBuildPhase;
			buildActionMask = 2147483647;
			files = (
				3ED90C0A2A2E5A870079B4D3 /* GGLBaseViewController.swift in Sources */,
				3E2DA2742A2F76F9001D9352 /* GGLWaterFallFlowLayout.swift in Sources */,
				3ED90C052A2E54580079B4D3 /* GGLPersonalViewController.swift in Sources */,
				3EF2266E2A2FA4AA00553325 /* UIFont+GGL.swift in Sources */,
				3ED90BEB2A2E24410079B4D3 /* GGLHomeViewController.swift in Sources */,
				3ED90BFE2A2E4A200079B4D3 /* UIImage+GGL.swift in Sources */,
				3ED90C112A2E620B0079B4D3 /* GGLBaseNavigationController.swift in Sources */,
				3ED90BE72A2E24410079B4D3 /* AppDelegate.swift in Sources */,
				3ED90BFB2A2E31A90079B4D3 /* GGLTabBarController.swift in Sources */,
				3ED90C022A2E4DED0079B4D3 /* GGLHomeRecommendCell.swift in Sources */,
				3ED90BE92A2E24410079B4D3 /* SceneDelegate.swift in Sources */,
				3ED90C0E2A2E5E490079B4D3 /* GGLGlobalImport.swift in Sources */,
				3ED90C072A2E59F40079B4D3 /* GGLTopicViewController.swift in Sources */,
			);
			runOnlyForDeploymentPostprocessing = 0;
		};
/* End PBXSourcesBuildPhase section */

/* Begin PBXVariantGroup section */
		3ED90BF12A2E24420079B4D3 /* LaunchScreen.storyboard */ = {
			isa = PBXVariantGroup;
			children = (
				3ED90BF22A2E24420079B4D3 /* Base */,
			);
			name = LaunchScreen.storyboard;
			sourceTree = "<group>";
		};
/* End PBXVariantGroup section */

/* Begin XCBuildConfiguration section */
		3ED90BF52A2E24420079B4D3 /* Debug */ = {
			isa = XCBuildConfiguration;
			buildSettings = {
				ALWAYS_SEARCH_USER_PATHS = NO;
				CLANG_ANALYZER_NONNULL = YES;
				CLANG_ANALYZER_NUMBER_OBJECT_CONVERSION = YES_AGGRESSIVE;
				CLANG_CXX_LANGUAGE_STANDARD = "gnu++20";
				CLANG_ENABLE_MODULES = YES;
				CLANG_ENABLE_OBJC_ARC = YES;
				CLANG_ENABLE_OBJC_WEAK = YES;
				CLANG_WARN_BLOCK_CAPTURE_AUTORELEASING = YES;
				CLANG_WARN_BOOL_CONVERSION = YES;
				CLANG_WARN_COMMA = YES;
				CLANG_WARN_CONSTANT_CONVERSION = YES;
				CLANG_WARN_DEPRECATED_OBJC_IMPLEMENTATIONS = YES;
				CLANG_WARN_DIRECT_OBJC_ISA_USAGE = YES_ERROR;
				CLANG_WARN_DOCUMENTATION_COMMENTS = YES;
				CLANG_WARN_EMPTY_BODY = YES;
				CLANG_WARN_ENUM_CONVERSION = YES;
				CLANG_WARN_INFINITE_RECURSION = YES;
				CLANG_WARN_INT_CONVERSION = YES;
				CLANG_WARN_NON_LITERAL_NULL_CONVERSION = YES;
				CLANG_WARN_OBJC_IMPLICIT_RETAIN_SELF = YES;
				CLANG_WARN_OBJC_LITERAL_CONVERSION = YES;
				CLANG_WARN_OBJC_ROOT_CLASS = YES_ERROR;
				CLANG_WARN_QUOTED_INCLUDE_IN_FRAMEWORK_HEADER = YES;
				CLANG_WARN_RANGE_LOOP_ANALYSIS = YES;
				CLANG_WARN_STRICT_PROTOTYPES = YES;
				CLANG_WARN_SUSPICIOUS_MOVE = YES;
				CLANG_WARN_UNGUARDED_AVAILABILITY = YES_AGGRESSIVE;
				CLANG_WARN_UNREACHABLE_CODE = YES;
				CLANG_WARN__DUPLICATE_METHOD_MATCH = YES;
				COPY_PHASE_STRIP = NO;
				DEBUG_INFORMATION_FORMAT = dwarf;
				ENABLE_STRICT_OBJC_MSGSEND = YES;
				ENABLE_TESTABILITY = YES;
				GCC_C_LANGUAGE_STANDARD = gnu11;
				GCC_DYNAMIC_NO_PIC = NO;
				GCC_NO_COMMON_BLOCKS = YES;
				GCC_OPTIMIZATION_LEVEL = 0;
				GCC_PREPROCESSOR_DEFINITIONS = (
					"DEBUG=1",
					"$(inherited)",
				);
				GCC_WARN_64_TO_32_BIT_CONVERSION = YES;
				GCC_WARN_ABOUT_RETURN_TYPE = YES_ERROR;
				GCC_WARN_UNDECLARED_SELECTOR = YES;
				GCC_WARN_UNINITIALIZED_AUTOS = YES_AGGRESSIVE;
				GCC_WARN_UNUSED_FUNCTION = YES;
				GCC_WARN_UNUSED_VARIABLE = YES;
				IPHONEOS_DEPLOYMENT_TARGET = 16.2;
				MTL_ENABLE_DEBUG_INFO = INCLUDE_SOURCE;
				MTL_FAST_MATH = YES;
				ONLY_ACTIVE_ARCH = YES;
				SDKROOT = iphoneos;
				SWIFT_ACTIVE_COMPILATION_CONDITIONS = DEBUG;
				SWIFT_OPTIMIZATION_LEVEL = "-Onone";
			};
			name = Debug;
		};
		3ED90BF62A2E24420079B4D3 /* Release */ = {
			isa = XCBuildConfiguration;
			buildSettings = {
				ALWAYS_SEARCH_USER_PATHS = NO;
				CLANG_ANALYZER_NONNULL = YES;
				CLANG_ANALYZER_NUMBER_OBJECT_CONVERSION = YES_AGGRESSIVE;
				CLANG_CXX_LANGUAGE_STANDARD = "gnu++20";
				CLANG_ENABLE_MODULES = YES;
				CLANG_ENABLE_OBJC_ARC = YES;
				CLANG_ENABLE_OBJC_WEAK = YES;
				CLANG_WARN_BLOCK_CAPTURE_AUTORELEASING = YES;
				CLANG_WARN_BOOL_CONVERSION = YES;
				CLANG_WARN_COMMA = YES;
				CLANG_WARN_CONSTANT_CONVERSION = YES;
				CLANG_WARN_DEPRECATED_OBJC_IMPLEMENTATIONS = YES;
				CLANG_WARN_DIRECT_OBJC_ISA_USAGE = YES_ERROR;
				CLANG_WARN_DOCUMENTATION_COMMENTS = YES;
				CLANG_WARN_EMPTY_BODY = YES;
				CLANG_WARN_ENUM_CONVERSION = YES;
				CLANG_WARN_INFINITE_RECURSION = YES;
				CLANG_WARN_INT_CONVERSION = YES;
				CLANG_WARN_NON_LITERAL_NULL_CONVERSION = YES;
				CLANG_WARN_OBJC_IMPLICIT_RETAIN_SELF = YES;
				CLANG_WARN_OBJC_LITERAL_CONVERSION = YES;
				CLANG_WARN_OBJC_ROOT_CLASS = YES_ERROR;
				CLANG_WARN_QUOTED_INCLUDE_IN_FRAMEWORK_HEADER = YES;
				CLANG_WARN_RANGE_LOOP_ANALYSIS = YES;
				CLANG_WARN_STRICT_PROTOTYPES = YES;
				CLANG_WARN_SUSPICIOUS_MOVE = YES;
				CLANG_WARN_UNGUARDED_AVAILABILITY = YES_AGGRESSIVE;
				CLANG_WARN_UNREACHABLE_CODE = YES;
				CLANG_WARN__DUPLICATE_METHOD_MATCH = YES;
				COPY_PHASE_STRIP = NO;
				DEBUG_INFORMATION_FORMAT = "dwarf-with-dsym";
				ENABLE_NS_ASSERTIONS = NO;
				ENABLE_STRICT_OBJC_MSGSEND = YES;
				GCC_C_LANGUAGE_STANDARD = gnu11;
				GCC_NO_COMMON_BLOCKS = YES;
				GCC_WARN_64_TO_32_BIT_CONVERSION = YES;
				GCC_WARN_ABOUT_RETURN_TYPE = YES_ERROR;
				GCC_WARN_UNDECLARED_SELECTOR = YES;
				GCC_WARN_UNINITIALIZED_AUTOS = YES_AGGRESSIVE;
				GCC_WARN_UNUSED_FUNCTION = YES;
				GCC_WARN_UNUSED_VARIABLE = YES;
				IPHONEOS_DEPLOYMENT_TARGET = 16.2;
				MTL_ENABLE_DEBUG_INFO = NO;
				MTL_FAST_MATH = YES;
				SDKROOT = iphoneos;
				SWIFT_COMPILATION_MODE = wholemodule;
				SWIFT_OPTIMIZATION_LEVEL = "-O";
				VALIDATE_PRODUCT = YES;
			};
			name = Release;
		};
		3ED90BF82A2E24420079B4D3 /* Debug */ = {
			isa = XCBuildConfiguration;
			baseConfigurationReference = 20732876E0B494D5AF100F24 /* Pods-GouGouLiu.debug.xcconfig */;
			buildSettings = {
				ASSETCATALOG_COMPILER_APPICON_NAME = AppIcon;
				ASSETCATALOG_COMPILER_GLOBAL_ACCENT_COLOR_NAME = AccentColor;
				CODE_SIGN_STYLE = Automatic;
				CURRENT_PROJECT_VERSION = 1;
				DEVELOPMENT_TEAM = ZXBN93R862;
				GCC_PREFIX_HEADER = "";
				GENERATE_INFOPLIST_FILE = YES;
				INFOPLIST_FILE = GouGouLiu/Support/Info.plist;
				INFOPLIST_KEY_UIApplicationSupportsIndirectInputEvents = YES;
				INFOPLIST_KEY_UILaunchStoryboardName = LaunchScreen;
				INFOPLIST_KEY_UISupportedInterfaceOrientations = UIInterfaceOrientationPortrait;
				INFOPLIST_KEY_UISupportedInterfaceOrientations_iPad = "UIInterfaceOrientationLandscapeLeft UIInterfaceOrientationLandscapeRight UIInterfaceOrientationPortrait UIInterfaceOrientationPortraitUpsideDown";
				IPHONEOS_DEPLOYMENT_TARGET = 13.0;
				LD_RUNPATH_SEARCH_PATHS = (
					"$(inherited)",
					"@executable_path/Frameworks",
				);
				MARKETING_VERSION = 1.0;
				PRODUCT_BUNDLE_IDENTIFIER = cysDevelop.GouGouLiu;
				PRODUCT_NAME = "$(TARGET_NAME)";
				SUPPORTED_PLATFORMS = "iphoneos iphonesimulator";
				SUPPORTS_MACCATALYST = NO;
				SUPPORTS_MAC_DESIGNED_FOR_IPHONE_IPAD = YES;
				SWIFT_EMIT_LOC_STRINGS = YES;
				SWIFT_VERSION = 5.0;
				TARGETED_DEVICE_FAMILY = 1;
			};
			name = Debug;
		};
		3ED90BF92A2E24420079B4D3 /* Release */ = {
			isa = XCBuildConfiguration;
			baseConfigurationReference = EFC02D02FD232B01697F298E /* Pods-GouGouLiu.release.xcconfig */;
			buildSettings = {
				ASSETCATALOG_COMPILER_APPICON_NAME = AppIcon;
				ASSETCATALOG_COMPILER_GLOBAL_ACCENT_COLOR_NAME = AccentColor;
				CODE_SIGN_STYLE = Automatic;
				CURRENT_PROJECT_VERSION = 1;
				DEVELOPMENT_TEAM = ZXBN93R862;
				GCC_PREFIX_HEADER = "";
				GENERATE_INFOPLIST_FILE = YES;
				INFOPLIST_FILE = GouGouLiu/Support/Info.plist;
				INFOPLIST_KEY_UIApplicationSupportsIndirectInputEvents = YES;
				INFOPLIST_KEY_UILaunchStoryboardName = LaunchScreen;
				INFOPLIST_KEY_UISupportedInterfaceOrientations = UIInterfaceOrientationPortrait;
				INFOPLIST_KEY_UISupportedInterfaceOrientations_iPad = "UIInterfaceOrientationLandscapeLeft UIInterfaceOrientationLandscapeRight UIInterfaceOrientationPortrait UIInterfaceOrientationPortraitUpsideDown";
				IPHONEOS_DEPLOYMENT_TARGET = 13.0;
				LD_RUNPATH_SEARCH_PATHS = (
					"$(inherited)",
					"@executable_path/Frameworks",
				);
				MARKETING_VERSION = 1.0;
				PRODUCT_BUNDLE_IDENTIFIER = cysDevelop.GouGouLiu;
				PRODUCT_NAME = "$(TARGET_NAME)";
				SUPPORTED_PLATFORMS = "iphoneos iphonesimulator";
				SUPPORTS_MACCATALYST = NO;
				SUPPORTS_MAC_DESIGNED_FOR_IPHONE_IPAD = YES;
				SWIFT_EMIT_LOC_STRINGS = YES;
				SWIFT_VERSION = 5.0;
				TARGETED_DEVICE_FAMILY = 1;
			};
			name = Release;
		};
/* End XCBuildConfiguration section */

/* Begin XCConfigurationList section */
		3ED90BDE2A2E24410079B4D3 /* Build configuration list for PBXProject "GouGouLiu" */ = {
			isa = XCConfigurationList;
			buildConfigurations = (
				3ED90BF52A2E24420079B4D3 /* Debug */,
				3ED90BF62A2E24420079B4D3 /* Release */,
			);
			defaultConfigurationIsVisible = 0;
			defaultConfigurationName = Release;
		};
		3ED90BF72A2E24420079B4D3 /* Build configuration list for PBXNativeTarget "GouGouLiu" */ = {
			isa = XCConfigurationList;
			buildConfigurations = (
				3ED90BF82A2E24420079B4D3 /* Debug */,
				3ED90BF92A2E24420079B4D3 /* Release */,
			);
			defaultConfigurationIsVisible = 0;
			defaultConfigurationName = Release;
		};
/* End XCConfigurationList section */
	};
	rootObject = 3ED90BDB2A2E24410079B4D3 /* Project object */;
}
