// !$*UTF8*$!
{
	archiveVersion = 1;
	classes = {
	};
	objectVersion = 56;
	objects = {

/* Begin PBXBuildFile section */
		3E0A078A2A55BAF900D60819 /* GGLOrderViewController.swift in Sources */ = {isa = PBXBuildFile; fileRef = 3E0A07892A55BAF900D60819 /* GGLOrderViewController.swift */; };
		3E0A078D2A55D8B400D60819 /* GGLPhotoDownloadManager.swift in Sources */ = {isa = PBXBuildFile; fileRef = 3E0A078C2A55D8B400D60819 /* GGLPhotoDownloadManager.swift */; };
		3E26D1092A68555C00803FC1 /* GGLUser.swift in Sources */ = {isa = PBXBuildFile; fileRef = 3E26D1082A68555C00803FC1 /* GGLUser.swift */; };
		3E26D10B2A6856CF00803FC1 /* UserDefaults+GGL.swift in Sources */ = {isa = PBXBuildFile; fileRef = 3E26D10A2A6856CF00803FC1 /* UserDefaults+GGL.swift */; };
		3E2DA2742A2F76F9001D9352 /* GGLWaterFallFlowLayout.swift in Sources */ = {isa = PBXBuildFile; fileRef = 3E2DA2732A2F76F9001D9352 /* GGLWaterFallFlowLayout.swift */; };
		3E3C4B3D2A69A2A70028710A /* GGLUserNetworkHelper.swift in Sources */ = {isa = PBXBuildFile; fileRef = 3E3C4B3C2A69A2A70028710A /* GGLUserNetworkHelper.swift */; };
		3E3C4B3F2A69A3950028710A /* GGLUserLoginAPI.swift in Sources */ = {isa = PBXBuildFile; fileRef = 3E3C4B3E2A69A3950028710A /* GGLUserLoginAPI.swift */; };
		3E3C4B432A69A9DC0028710A /* GGLUserSignupAPI.swift in Sources */ = {isa = PBXBuildFile; fileRef = 3E3C4B422A69A9DC0028710A /* GGLUserSignupAPI.swift */; };
		3E3C4B452A69AB270028710A /* GGLUserLogoutAPI.swift in Sources */ = {isa = PBXBuildFile; fileRef = 3E3C4B442A69AB270028710A /* GGLUserLogoutAPI.swift */; };
		3E3C4B472A69B3B70028710A /* UIAlertController+GGL.swift in Sources */ = {isa = PBXBuildFile; fileRef = 3E3C4B462A69B3B70028710A /* UIAlertController+GGL.swift */; };
		3E43E2612AED7C4A00D6418A /* GGLClearAllPostAPI.swift in Sources */ = {isa = PBXBuildFile; fileRef = 3E43E2602AED7C4A00D6418A /* GGLClearAllPostAPI.swift */; };
		3E453B432A6D941B00B30C3C /* GGLPublishOptionViewController.swift in Sources */ = {isa = PBXBuildFile; fileRef = 3E453B422A6D941B00B30C3C /* GGLPublishOptionViewController.swift */; };
		3E453B472A6DA67B00B30C3C /* GGLPostViewController.swift in Sources */ = {isa = PBXBuildFile; fileRef = 3E453B462A6DA67B00B30C3C /* GGLPostViewController.swift */; };
		3E453B4A2A6DA78300B30C3C /* GGLPostViewModel.swift in Sources */ = {isa = PBXBuildFile; fileRef = 3E453B492A6DA78300B30C3C /* GGLPostViewModel.swift */; };
		3E453B4C2A6DA96A00B30C3C /* GGLPostAPI.swift in Sources */ = {isa = PBXBuildFile; fileRef = 3E453B4B2A6DA96A00B30C3C /* GGLPostAPI.swift */; };
		3E53B5352A8800930007C560 /* GGLEmptyDataView.swift in Sources */ = {isa = PBXBuildFile; fileRef = 3E53B5342A8800930007C560 /* GGLEmptyDataView.swift */; };
		3E5509332A66900F00653568 /* GGLNetworkManager.swift in Sources */ = {isa = PBXBuildFile; fileRef = 3E5509322A66900F00653568 /* GGLNetworkManager.swift */; };
		3E68613D2B8CDBC500B07FDA /* GGLChatModel.swift in Sources */ = {isa = PBXBuildFile; fileRef = 3E68613C2B8CDBC500B07FDA /* GGLChatModel.swift */; };
		3E68613F2B8CDD8000B07FDA /* GGLChatCell.swift in Sources */ = {isa = PBXBuildFile; fileRef = 3E68613E2B8CDD8000B07FDA /* GGLChatCell.swift */; };
		3E6861412B8CE50500B07FDA /* GGLChatMessageAdapter.swift in Sources */ = {isa = PBXBuildFile; fileRef = 3E6861402B8CE50500B07FDA /* GGLChatMessageAdapter.swift */; };
		3E6861482B8DA10F00B07FDA /* GGLChatRoomViewModel.swift in Sources */ = {isa = PBXBuildFile; fileRef = 3E6861472B8DA10F00B07FDA /* GGLChatRoomViewModel.swift */; };
		3E68614D2B8E280900B07FDA /* GGLChatRoomInputView.swift in Sources */ = {isa = PBXBuildFile; fileRef = 3E68614C2B8E280900B07FDA /* GGLChatRoomInputView.swift */; };
		3E6A55192B95D85000279BD6 /* Realm in Frameworks */ = {isa = PBXBuildFile; productRef = 3E6A55182B95D85000279BD6 /* Realm */; };
		3E6A551B2B95D85000279BD6 /* RealmSwift in Frameworks */ = {isa = PBXBuildFile; productRef = 3E6A551A2B95D85000279BD6 /* RealmSwift */; };
		3E6A551D2B9816DA00279BD6 /* GGLDataBase.swift in Sources */ = {isa = PBXBuildFile; fileRef = 3E6A551C2B9816DA00279BD6 /* GGLDataBase.swift */; };
		3E6A556B2B9A2B4600279BD6 /* GGLDataBase+Message.swift in Sources */ = {isa = PBXBuildFile; fileRef = 3E6A556A2B9A2B4600279BD6 /* GGLDataBase+Message.swift */; };
		3E6B0C322A3087D9002317D6 /* String+GGL.swift in Sources */ = {isa = PBXBuildFile; fileRef = 3E6B0C312A3087D9002317D6 /* String+GGL.swift */; };
		3E6D46382A7011A5000AB07C /* ProgressHUD+GGL.swift in Sources */ = {isa = PBXBuildFile; fileRef = 3E6D46372A7011A5000AB07C /* ProgressHUD+GGL.swift */; };
		3E6D463E2A701C2A000AB07C /* GGLPostAdapter.swift in Sources */ = {isa = PBXBuildFile; fileRef = 3E6D463D2A701C2A000AB07C /* GGLPostAdapter.swift */; };
		3E6D46432A702ECC000AB07C /* GGLPostUploadPhotoCell.swift in Sources */ = {isa = PBXBuildFile; fileRef = 3E6D46422A702ECC000AB07C /* GGLPostUploadPhotoCell.swift */; };
		3E6D46462A702FFC000AB07C /* GGLPostInputTitleCell.swift in Sources */ = {isa = PBXBuildFile; fileRef = 3E6D46452A702FFC000AB07C /* GGLPostInputTitleCell.swift */; };
		3E6D46482A7031BC000AB07C /* GGLBaseTableViewCell.swift in Sources */ = {isa = PBXBuildFile; fileRef = 3E6D46472A7031BC000AB07C /* GGLBaseTableViewCell.swift */; };
		3E6D464A2A703232000AB07C /* GGLPostInputContentCell.swift in Sources */ = {isa = PBXBuildFile; fileRef = 3E6D46492A703232000AB07C /* GGLPostInputContentCell.swift */; };
		3E6D464C2A7033C4000AB07C /* GGLBaseTableView.swift in Sources */ = {isa = PBXBuildFile; fileRef = 3E6D464B2A7033C4000AB07C /* GGLBaseTableView.swift */; };
		3E6D464E2A703A59000AB07C /* GGLPostUploadPhotoContentCell.swift in Sources */ = {isa = PBXBuildFile; fileRef = 3E6D464D2A703A59000AB07C /* GGLPostUploadPhotoContentCell.swift */; };
		3E6D46502A703AA8000AB07C /* UITableView+GGL.swift in Sources */ = {isa = PBXBuildFile; fileRef = 3E6D464F2A703AA8000AB07C /* UITableView+GGL.swift */; };
		3E6D46522A703AB6000AB07C /* UICollectionView+GGL.swift in Sources */ = {isa = PBXBuildFile; fileRef = 3E6D46512A703AB6000AB07C /* UICollectionView+GGL.swift */; };
		3E6EB8252A3F54FE00675A2A /* GGLMessageModel.swift in Sources */ = {isa = PBXBuildFile; fileRef = 3E6EB8242A3F54FE00675A2A /* GGLMessageModel.swift */; };
		3E6EB82B2A3F565100675A2A /* GGLMessageCell.swift in Sources */ = {isa = PBXBuildFile; fileRef = 3E6EB82A2A3F565100675A2A /* GGLMessageCell.swift */; };
		3E77FCA52A66CC7C00699C47 /* NSNotification.Name+GGL.swift in Sources */ = {isa = PBXBuildFile; fileRef = 3E77FCA42A66CC7C00699C47 /* NSNotification.Name+GGL.swift */; };
		3E77FCA72A66DB6D00699C47 /* GGLBaseHostingController.swift in Sources */ = {isa = PBXBuildFile; fileRef = 3E77FCA62A66DB6D00699C47 /* GGLBaseHostingController.swift */; };
		3E90E2DE2A652BD000A6EA70 /* GGLUploadPhotoAPI.swift in Sources */ = {isa = PBXBuildFile; fileRef = 3E90E2DD2A652BD000A6EA70 /* GGLUploadPhotoAPI.swift */; };
		3E90E2E02A652CD500A6EA70 /* GGLUploadPhotoManager.swift in Sources */ = {isa = PBXBuildFile; fileRef = 3E90E2DF2A652CD500A6EA70 /* GGLUploadPhotoManager.swift */; };
		3E9F11502A6BBEE600A1CC90 /* GGLUserModel.swift in Sources */ = {isa = PBXBuildFile; fileRef = 3E9F114F2A6BBEE600A1CC90 /* GGLUserModel.swift */; };
		3E9F11552A6C179200A1CC90 /* GGLMoyaModel.swift in Sources */ = {isa = PBXBuildFile; fileRef = 3E9F11542A6C179200A1CC90 /* GGLMoyaModel.swift */; };
		3EA4B3242A65C33E00A592BA /* GGLUploadPhotoModel.swift in Sources */ = {isa = PBXBuildFile; fileRef = 3EA4B3232A65C33E00A592BA /* GGLUploadPhotoModel.swift */; };
		3EAD23E42A401C9F000238AC /* GGLChatRoomViewController.swift in Sources */ = {isa = PBXBuildFile; fileRef = 3EAD23E32A401C9F000238AC /* GGLChatRoomViewController.swift */; };
		3EADA9462A715AB400F5BB13 /* GGLPostModel.swift in Sources */ = {isa = PBXBuildFile; fileRef = 3EADA9452A715AB400F5BB13 /* GGLPostModel.swift */; };
		3EADA9492A71896700F5BB13 /* GGLPostManager.swift in Sources */ = {isa = PBXBuildFile; fileRef = 3EADA9482A71896700F5BB13 /* GGLPostManager.swift */; };
		3EADFE7B2A6AEAD400225625 /* GGLUserClearAllAPI.swift in Sources */ = {isa = PBXBuildFile; fileRef = 3EADFE7A2A6AEAD400225625 /* GGLUserClearAllAPI.swift */; };
		3EB0DE172A8BE98B00ED00D8 /* GGLTopicAPI.swift in Sources */ = {isa = PBXBuildFile; fileRef = 3EB0DE162A8BE98B00ED00D8 /* GGLTopicAPI.swift */; };
		3EB404AD2A5487F00032E899 /* GGLHomeViewModel.swift in Sources */ = {isa = PBXBuildFile; fileRef = 3EB404AC2A5487F00032E899 /* GGLHomeViewModel.swift */; };
		3EB404B02A54890F0032E899 /* GGLHomePostModel.swift in Sources */ = {isa = PBXBuildFile; fileRef = 3EB404AF2A54890F0032E899 /* GGLHomePostModel.swift */; };
		3EB404B32A548B680032E899 /* GGLHomePostAPI.swift in Sources */ = {isa = PBXBuildFile; fileRef = 3EB404B22A548B680032E899 /* GGLHomePostAPI.swift */; };
		3EB404B62A548D200032E899 /* Observable+GGL.swift in Sources */ = {isa = PBXBuildFile; fileRef = 3EB404B52A548D200032E899 /* Observable+GGL.swift */; };
		3ECD36A32A678DCF00092488 /* GGLClearAllPhotoAPI.swift in Sources */ = {isa = PBXBuildFile; fileRef = 3ECD36A22A678DCF00092488 /* GGLClearAllPhotoAPI.swift */; };
		3ECFA7622A75074D00CB465B /* GGLTopicAdapter.swift in Sources */ = {isa = PBXBuildFile; fileRef = 3ECFA7612A75074D00CB465B /* GGLTopicAdapter.swift */; };
		3ECFA7642A750A3100CB465B /* GGLTopicViewModel.swift in Sources */ = {isa = PBXBuildFile; fileRef = 3ECFA7632A750A3100CB465B /* GGLTopicViewModel.swift */; };
		3ECFA7682A751C8600CB465B /* GGLTopicPhotosBrowserCell.swift in Sources */ = {isa = PBXBuildFile; fileRef = 3ECFA7672A751C8600CB465B /* GGLTopicPhotosBrowserCell.swift */; };
		3ECFA76A2A751CD100CB465B /* GGLTopicContentCell.swift in Sources */ = {isa = PBXBuildFile; fileRef = 3ECFA7692A751CD100CB465B /* GGLTopicContentCell.swift */; };
		3ECFA76D2A751FCB00CB465B /* GGLWebImageBrowser.swift in Sources */ = {isa = PBXBuildFile; fileRef = 3ECFA76C2A751FCB00CB465B /* GGLWebImageBrowser.swift */; };
		3ED370CD2A5974E300639291 /* GGLAPIConstants.swift in Sources */ = {isa = PBXBuildFile; fileRef = 3ED370CC2A5974E300639291 /* GGLAPIConstants.swift */; };
		3ED370D02A597CB900639291 /* GGLTool.swift in Sources */ = {isa = PBXBuildFile; fileRef = 3ED370CF2A597CB900639291 /* GGLTool.swift */; };
		3ED90BE72A2E24410079B4D3 /* AppDelegate.swift in Sources */ = {isa = PBXBuildFile; fileRef = 3ED90BE62A2E24410079B4D3 /* AppDelegate.swift */; };
		3ED90BE92A2E24410079B4D3 /* SceneDelegate.swift in Sources */ = {isa = PBXBuildFile; fileRef = 3ED90BE82A2E24410079B4D3 /* SceneDelegate.swift */; };
		3ED90BEB2A2E24410079B4D3 /* GGLHomeViewController.swift in Sources */ = {isa = PBXBuildFile; fileRef = 3ED90BEA2A2E24410079B4D3 /* GGLHomeViewController.swift */; };
		3ED90BF02A2E24420079B4D3 /* Assets.xcassets in Resources */ = {isa = PBXBuildFile; fileRef = 3ED90BEF2A2E24420079B4D3 /* Assets.xcassets */; };
		3ED90BF32A2E24420079B4D3 /* LaunchScreen.storyboard in Resources */ = {isa = PBXBuildFile; fileRef = 3ED90BF12A2E24420079B4D3 /* LaunchScreen.storyboard */; };
		3ED90BFB2A2E31A90079B4D3 /* GGLTabBarController.swift in Sources */ = {isa = PBXBuildFile; fileRef = 3ED90BFA2A2E31A90079B4D3 /* GGLTabBarController.swift */; };
		3ED90BFE2A2E4A200079B4D3 /* UIImage+GGL.swift in Sources */ = {isa = PBXBuildFile; fileRef = 3ED90BFD2A2E4A200079B4D3 /* UIImage+GGL.swift */; };
		3ED90C022A2E4DED0079B4D3 /* GGLHomeRecommendCell.swift in Sources */ = {isa = PBXBuildFile; fileRef = 3ED90C012A2E4DED0079B4D3 /* GGLHomeRecommendCell.swift */; };
		3ED90C052A2E54580079B4D3 /* GGLPersonalViewController.swift in Sources */ = {isa = PBXBuildFile; fileRef = 3ED90C042A2E54580079B4D3 /* GGLPersonalViewController.swift */; };
		3ED90C072A2E59F40079B4D3 /* GGLTopicViewController.swift in Sources */ = {isa = PBXBuildFile; fileRef = 3ED90C062A2E59F40079B4D3 /* GGLTopicViewController.swift */; };
		3ED90C0A2A2E5A870079B4D3 /* GGLBaseViewController.swift in Sources */ = {isa = PBXBuildFile; fileRef = 3ED90C092A2E5A870079B4D3 /* GGLBaseViewController.swift */; };
		3ED90C0E2A2E5E490079B4D3 /* GGLGlobalImport.swift in Sources */ = {isa = PBXBuildFile; fileRef = 3ED90C0D2A2E5E490079B4D3 /* GGLGlobalImport.swift */; };
		3ED90C112A2E620B0079B4D3 /* GGLBaseNavigationController.swift in Sources */ = {isa = PBXBuildFile; fileRef = 3ED90C102A2E620B0079B4D3 /* GGLBaseNavigationController.swift */; };
		3EF2266E2A2FA4AA00553325 /* UIFont+GGL.swift in Sources */ = {isa = PBXBuildFile; fileRef = 3EF2266D2A2FA4AA00553325 /* UIFont+GGL.swift */; };
		3EF3CABA2A65014100C46F38 /* GGLDebugViewController.swift in Sources */ = {isa = PBXBuildFile; fileRef = 3EF3CAB92A65014100C46F38 /* GGLDebugViewController.swift */; };
		3EFE52422B179C8800AF3D0E /* GouGouLiuTests.swift in Sources */ = {isa = PBXBuildFile; fileRef = 3EFE52412B179C8800AF3D0E /* GouGouLiuTests.swift */; };
		3EFF955B2A30DBC700E89069 /* GGLMessageViewController.swift in Sources */ = {isa = PBXBuildFile; fileRef = 3EFF955A2A30DBC700E89069 /* GGLMessageViewController.swift */; };
		3EFF955D2A30DD1300E89069 /* AppRouter.swift in Sources */ = {isa = PBXBuildFile; fileRef = 3EFF955C2A30DD1300E89069 /* AppRouter.swift */; };
		93F1242499CE7D731BC833A8 /* Pods_GouGouLiu.framework in Frameworks */ = {isa = PBXBuildFile; fileRef = 997C3F54446B81575D166583 /* Pods_GouGouLiu.framework */; };
/* End PBXBuildFile section */

/* Begin PBXContainerItemProxy section */
		3EFE52432B179C8800AF3D0E /* PBXContainerItemProxy */ = {
			isa = PBXContainerItemProxy;
			containerPortal = 3ED90BDB2A2E24410079B4D3 /* Project object */;
			proxyType = 1;
			remoteGlobalIDString = 3ED90BE22A2E24410079B4D3;
			remoteInfo = GouGouLiu;
		};
/* End PBXContainerItemProxy section */

/* Begin PBXFileReference section */
		20732876E0B494D5AF100F24 /* Pods-GouGouLiu.debug.xcconfig */ = {isa = PBXFileReference; includeInIndex = 1; lastKnownFileType = text.xcconfig; name = "Pods-GouGouLiu.debug.xcconfig"; path = "Target Support Files/Pods-GouGouLiu/Pods-GouGouLiu.debug.xcconfig"; sourceTree = "<group>"; };
		3E0A07892A55BAF900D60819 /* GGLOrderViewController.swift */ = {isa = PBXFileReference; lastKnownFileType = sourcecode.swift; path = GGLOrderViewController.swift; sourceTree = "<group>"; };
		3E0A078C2A55D8B400D60819 /* GGLPhotoDownloadManager.swift */ = {isa = PBXFileReference; fileEncoding = 4; lastKnownFileType = sourcecode.swift; path = GGLPhotoDownloadManager.swift; sourceTree = "<group>"; };
		3E26D1082A68555C00803FC1 /* GGLUser.swift */ = {isa = PBXFileReference; lastKnownFileType = sourcecode.swift; path = GGLUser.swift; sourceTree = "<group>"; };
		3E26D10A2A6856CF00803FC1 /* UserDefaults+GGL.swift */ = {isa = PBXFileReference; lastKnownFileType = sourcecode.swift; path = "UserDefaults+GGL.swift"; sourceTree = "<group>"; };
		3E2DA2732A2F76F9001D9352 /* GGLWaterFallFlowLayout.swift */ = {isa = PBXFileReference; lastKnownFileType = sourcecode.swift; path = GGLWaterFallFlowLayout.swift; sourceTree = "<group>"; };
		3E3C4B3C2A69A2A70028710A /* GGLUserNetworkHelper.swift */ = {isa = PBXFileReference; lastKnownFileType = sourcecode.swift; path = GGLUserNetworkHelper.swift; sourceTree = "<group>"; };
		3E3C4B3E2A69A3950028710A /* GGLUserLoginAPI.swift */ = {isa = PBXFileReference; lastKnownFileType = sourcecode.swift; path = GGLUserLoginAPI.swift; sourceTree = "<group>"; };
		3E3C4B422A69A9DC0028710A /* GGLUserSignupAPI.swift */ = {isa = PBXFileReference; lastKnownFileType = sourcecode.swift; path = GGLUserSignupAPI.swift; sourceTree = "<group>"; };
		3E3C4B442A69AB270028710A /* GGLUserLogoutAPI.swift */ = {isa = PBXFileReference; lastKnownFileType = sourcecode.swift; path = GGLUserLogoutAPI.swift; sourceTree = "<group>"; };
		3E3C4B462A69B3B70028710A /* UIAlertController+GGL.swift */ = {isa = PBXFileReference; lastKnownFileType = sourcecode.swift; path = "UIAlertController+GGL.swift"; sourceTree = "<group>"; };
		3E43E2602AED7C4A00D6418A /* GGLClearAllPostAPI.swift */ = {isa = PBXFileReference; lastKnownFileType = sourcecode.swift; path = GGLClearAllPostAPI.swift; sourceTree = "<group>"; };
		3E453B422A6D941B00B30C3C /* GGLPublishOptionViewController.swift */ = {isa = PBXFileReference; lastKnownFileType = sourcecode.swift; path = GGLPublishOptionViewController.swift; sourceTree = "<group>"; };
		3E453B462A6DA67B00B30C3C /* GGLPostViewController.swift */ = {isa = PBXFileReference; lastKnownFileType = sourcecode.swift; path = GGLPostViewController.swift; sourceTree = "<group>"; };
		3E453B492A6DA78300B30C3C /* GGLPostViewModel.swift */ = {isa = PBXFileReference; lastKnownFileType = sourcecode.swift; path = GGLPostViewModel.swift; sourceTree = "<group>"; };
		3E453B4B2A6DA96A00B30C3C /* GGLPostAPI.swift */ = {isa = PBXFileReference; lastKnownFileType = sourcecode.swift; path = GGLPostAPI.swift; sourceTree = "<group>"; };
		3E53B5342A8800930007C560 /* GGLEmptyDataView.swift */ = {isa = PBXFileReference; lastKnownFileType = sourcecode.swift; path = GGLEmptyDataView.swift; sourceTree = "<group>"; };
		3E5509322A66900F00653568 /* GGLNetworkManager.swift */ = {isa = PBXFileReference; lastKnownFileType = sourcecode.swift; path = GGLNetworkManager.swift; sourceTree = "<group>"; };
		3E68613C2B8CDBC500B07FDA /* GGLChatModel.swift */ = {isa = PBXFileReference; lastKnownFileType = sourcecode.swift; path = GGLChatModel.swift; sourceTree = "<group>"; };
		3E68613E2B8CDD8000B07FDA /* GGLChatCell.swift */ = {isa = PBXFileReference; lastKnownFileType = sourcecode.swift; path = GGLChatCell.swift; sourceTree = "<group>"; };
		3E6861402B8CE50500B07FDA /* GGLChatMessageAdapter.swift */ = {isa = PBXFileReference; lastKnownFileType = sourcecode.swift; path = GGLChatMessageAdapter.swift; sourceTree = "<group>"; };
		3E6861472B8DA10F00B07FDA /* GGLChatRoomViewModel.swift */ = {isa = PBXFileReference; lastKnownFileType = sourcecode.swift; path = GGLChatRoomViewModel.swift; sourceTree = "<group>"; };
		3E68614C2B8E280900B07FDA /* GGLChatRoomInputView.swift */ = {isa = PBXFileReference; lastKnownFileType = sourcecode.swift; path = GGLChatRoomInputView.swift; sourceTree = "<group>"; };
		3E6A551C2B9816DA00279BD6 /* GGLDataBase.swift */ = {isa = PBXFileReference; lastKnownFileType = sourcecode.swift; path = GGLDataBase.swift; sourceTree = "<group>"; };
		3E6A556A2B9A2B4600279BD6 /* GGLDataBase+Message.swift */ = {isa = PBXFileReference; lastKnownFileType = sourcecode.swift; path = "GGLDataBase+Message.swift"; sourceTree = "<group>"; };
		3E6B0C312A3087D9002317D6 /* String+GGL.swift */ = {isa = PBXFileReference; lastKnownFileType = sourcecode.swift; path = "String+GGL.swift"; sourceTree = "<group>"; };
		3E6D46372A7011A5000AB07C /* ProgressHUD+GGL.swift */ = {isa = PBXFileReference; lastKnownFileType = sourcecode.swift; path = "ProgressHUD+GGL.swift"; sourceTree = "<group>"; };
		3E6D463D2A701C2A000AB07C /* GGLPostAdapter.swift */ = {isa = PBXFileReference; lastKnownFileType = sourcecode.swift; path = GGLPostAdapter.swift; sourceTree = "<group>"; };
		3E6D46422A702ECC000AB07C /* GGLPostUploadPhotoCell.swift */ = {isa = PBXFileReference; lastKnownFileType = sourcecode.swift; path = GGLPostUploadPhotoCell.swift; sourceTree = "<group>"; };
		3E6D46452A702FFC000AB07C /* GGLPostInputTitleCell.swift */ = {isa = PBXFileReference; lastKnownFileType = sourcecode.swift; path = GGLPostInputTitleCell.swift; sourceTree = "<group>"; };
		3E6D46472A7031BC000AB07C /* GGLBaseTableViewCell.swift */ = {isa = PBXFileReference; lastKnownFileType = sourcecode.swift; path = GGLBaseTableViewCell.swift; sourceTree = "<group>"; };
		3E6D46492A703232000AB07C /* GGLPostInputContentCell.swift */ = {isa = PBXFileReference; lastKnownFileType = sourcecode.swift; path = GGLPostInputContentCell.swift; sourceTree = "<group>"; };
		3E6D464B2A7033C4000AB07C /* GGLBaseTableView.swift */ = {isa = PBXFileReference; lastKnownFileType = sourcecode.swift; path = GGLBaseTableView.swift; sourceTree = "<group>"; };
		3E6D464D2A703A59000AB07C /* GGLPostUploadPhotoContentCell.swift */ = {isa = PBXFileReference; lastKnownFileType = sourcecode.swift; path = GGLPostUploadPhotoContentCell.swift; sourceTree = "<group>"; };
		3E6D464F2A703AA8000AB07C /* UITableView+GGL.swift */ = {isa = PBXFileReference; lastKnownFileType = sourcecode.swift; path = "UITableView+GGL.swift"; sourceTree = "<group>"; };
		3E6D46512A703AB6000AB07C /* UICollectionView+GGL.swift */ = {isa = PBXFileReference; lastKnownFileType = sourcecode.swift; path = "UICollectionView+GGL.swift"; sourceTree = "<group>"; };
		3E6EB8242A3F54FE00675A2A /* GGLMessageModel.swift */ = {isa = PBXFileReference; lastKnownFileType = sourcecode.swift; path = GGLMessageModel.swift; sourceTree = "<group>"; };
		3E6EB82A2A3F565100675A2A /* GGLMessageCell.swift */ = {isa = PBXFileReference; lastKnownFileType = sourcecode.swift; path = GGLMessageCell.swift; sourceTree = "<group>"; };
		3E77FCA42A66CC7C00699C47 /* NSNotification.Name+GGL.swift */ = {isa = PBXFileReference; lastKnownFileType = sourcecode.swift; path = "NSNotification.Name+GGL.swift"; sourceTree = "<group>"; };
		3E77FCA62A66DB6D00699C47 /* GGLBaseHostingController.swift */ = {isa = PBXFileReference; lastKnownFileType = sourcecode.swift; path = GGLBaseHostingController.swift; sourceTree = "<group>"; };
		3E90E2DD2A652BD000A6EA70 /* GGLUploadPhotoAPI.swift */ = {isa = PBXFileReference; lastKnownFileType = sourcecode.swift; path = GGLUploadPhotoAPI.swift; sourceTree = "<group>"; };
		3E90E2DF2A652CD500A6EA70 /* GGLUploadPhotoManager.swift */ = {isa = PBXFileReference; lastKnownFileType = sourcecode.swift; path = GGLUploadPhotoManager.swift; sourceTree = "<group>"; };
		3E9F114F2A6BBEE600A1CC90 /* GGLUserModel.swift */ = {isa = PBXFileReference; lastKnownFileType = sourcecode.swift; path = GGLUserModel.swift; sourceTree = "<group>"; };
		3E9F11542A6C179200A1CC90 /* GGLMoyaModel.swift */ = {isa = PBXFileReference; lastKnownFileType = sourcecode.swift; path = GGLMoyaModel.swift; sourceTree = "<group>"; };
		3EA4B3232A65C33E00A592BA /* GGLUploadPhotoModel.swift */ = {isa = PBXFileReference; lastKnownFileType = sourcecode.swift; path = GGLUploadPhotoModel.swift; sourceTree = "<group>"; };
		3EAD23E32A401C9F000238AC /* GGLChatRoomViewController.swift */ = {isa = PBXFileReference; lastKnownFileType = sourcecode.swift; path = GGLChatRoomViewController.swift; sourceTree = "<group>"; };
		3EADA9452A715AB400F5BB13 /* GGLPostModel.swift */ = {isa = PBXFileReference; lastKnownFileType = sourcecode.swift; path = GGLPostModel.swift; sourceTree = "<group>"; };
		3EADA9482A71896700F5BB13 /* GGLPostManager.swift */ = {isa = PBXFileReference; lastKnownFileType = sourcecode.swift; path = GGLPostManager.swift; sourceTree = "<group>"; };
		3EADFE7A2A6AEAD400225625 /* GGLUserClearAllAPI.swift */ = {isa = PBXFileReference; lastKnownFileType = sourcecode.swift; path = GGLUserClearAllAPI.swift; sourceTree = "<group>"; };
		3EB0DE162A8BE98B00ED00D8 /* GGLTopicAPI.swift */ = {isa = PBXFileReference; lastKnownFileType = sourcecode.swift; path = GGLTopicAPI.swift; sourceTree = "<group>"; };
		3EB404AC2A5487F00032E899 /* GGLHomeViewModel.swift */ = {isa = PBXFileReference; lastKnownFileType = sourcecode.swift; path = GGLHomeViewModel.swift; sourceTree = "<group>"; };
		3EB404AF2A54890F0032E899 /* GGLHomePostModel.swift */ = {isa = PBXFileReference; lastKnownFileType = sourcecode.swift; path = GGLHomePostModel.swift; sourceTree = "<group>"; };
		3EB404B22A548B680032E899 /* GGLHomePostAPI.swift */ = {isa = PBXFileReference; lastKnownFileType = sourcecode.swift; path = GGLHomePostAPI.swift; sourceTree = "<group>"; };
		3EB404B52A548D200032E899 /* Observable+GGL.swift */ = {isa = PBXFileReference; lastKnownFileType = sourcecode.swift; path = "Observable+GGL.swift"; sourceTree = "<group>"; };
		3ECD36A22A678DCF00092488 /* GGLClearAllPhotoAPI.swift */ = {isa = PBXFileReference; lastKnownFileType = sourcecode.swift; path = GGLClearAllPhotoAPI.swift; sourceTree = "<group>"; };
		3ECFA7612A75074D00CB465B /* GGLTopicAdapter.swift */ = {isa = PBXFileReference; lastKnownFileType = sourcecode.swift; path = GGLTopicAdapter.swift; sourceTree = "<group>"; };
		3ECFA7632A750A3100CB465B /* GGLTopicViewModel.swift */ = {isa = PBXFileReference; lastKnownFileType = sourcecode.swift; path = GGLTopicViewModel.swift; sourceTree = "<group>"; };
		3ECFA7672A751C8600CB465B /* GGLTopicPhotosBrowserCell.swift */ = {isa = PBXFileReference; lastKnownFileType = sourcecode.swift; path = GGLTopicPhotosBrowserCell.swift; sourceTree = "<group>"; };
		3ECFA7692A751CD100CB465B /* GGLTopicContentCell.swift */ = {isa = PBXFileReference; lastKnownFileType = sourcecode.swift; path = GGLTopicContentCell.swift; sourceTree = "<group>"; };
		3ECFA76C2A751FCB00CB465B /* GGLWebImageBrowser.swift */ = {isa = PBXFileReference; lastKnownFileType = sourcecode.swift; path = GGLWebImageBrowser.swift; sourceTree = "<group>"; };
		3ED370CC2A5974E300639291 /* GGLAPIConstants.swift */ = {isa = PBXFileReference; lastKnownFileType = sourcecode.swift; path = GGLAPIConstants.swift; sourceTree = "<group>"; };
		3ED370CF2A597CB900639291 /* GGLTool.swift */ = {isa = PBXFileReference; lastKnownFileType = sourcecode.swift; path = GGLTool.swift; sourceTree = "<group>"; };
		3ED90BE32A2E24410079B4D3 /* GouGouLiu.app */ = {isa = PBXFileReference; explicitFileType = wrapper.application; includeInIndex = 0; path = GouGouLiu.app; sourceTree = BUILT_PRODUCTS_DIR; };
		3ED90BE62A2E24410079B4D3 /* AppDelegate.swift */ = {isa = PBXFileReference; lastKnownFileType = sourcecode.swift; path = AppDelegate.swift; sourceTree = "<group>"; };
		3ED90BE82A2E24410079B4D3 /* SceneDelegate.swift */ = {isa = PBXFileReference; lastKnownFileType = sourcecode.swift; path = SceneDelegate.swift; sourceTree = "<group>"; };
		3ED90BEA2A2E24410079B4D3 /* GGLHomeViewController.swift */ = {isa = PBXFileReference; lastKnownFileType = sourcecode.swift; path = GGLHomeViewController.swift; sourceTree = "<group>"; };
		3ED90BEF2A2E24420079B4D3 /* Assets.xcassets */ = {isa = PBXFileReference; lastKnownFileType = folder.assetcatalog; path = Assets.xcassets; sourceTree = "<group>"; };
		3ED90BF22A2E24420079B4D3 /* Base */ = {isa = PBXFileReference; lastKnownFileType = file.storyboard; name = Base; path = Base.lproj/LaunchScreen.storyboard; sourceTree = "<group>"; };
		3ED90BF42A2E24420079B4D3 /* Info.plist */ = {isa = PBXFileReference; lastKnownFileType = text.plist.xml; path = Info.plist; sourceTree = "<group>"; };
		3ED90BFA2A2E31A90079B4D3 /* GGLTabBarController.swift */ = {isa = PBXFileReference; lastKnownFileType = sourcecode.swift; path = GGLTabBarController.swift; sourceTree = "<group>"; };
		3ED90BFD2A2E4A200079B4D3 /* UIImage+GGL.swift */ = {isa = PBXFileReference; lastKnownFileType = sourcecode.swift; path = "UIImage+GGL.swift"; sourceTree = "<group>"; };
		3ED90C012A2E4DED0079B4D3 /* GGLHomeRecommendCell.swift */ = {isa = PBXFileReference; lastKnownFileType = sourcecode.swift; path = GGLHomeRecommendCell.swift; sourceTree = "<group>"; };
		3ED90C042A2E54580079B4D3 /* GGLPersonalViewController.swift */ = {isa = PBXFileReference; lastKnownFileType = sourcecode.swift; path = GGLPersonalViewController.swift; sourceTree = "<group>"; };
		3ED90C062A2E59F40079B4D3 /* GGLTopicViewController.swift */ = {isa = PBXFileReference; lastKnownFileType = sourcecode.swift; path = GGLTopicViewController.swift; sourceTree = "<group>"; };
		3ED90C092A2E5A870079B4D3 /* GGLBaseViewController.swift */ = {isa = PBXFileReference; lastKnownFileType = sourcecode.swift; path = GGLBaseViewController.swift; sourceTree = "<group>"; };
		3ED90C0D2A2E5E490079B4D3 /* GGLGlobalImport.swift */ = {isa = PBXFileReference; lastKnownFileType = sourcecode.swift; path = GGLGlobalImport.swift; sourceTree = "<group>"; };
		3ED90C102A2E620B0079B4D3 /* GGLBaseNavigationController.swift */ = {isa = PBXFileReference; lastKnownFileType = sourcecode.swift; path = GGLBaseNavigationController.swift; sourceTree = "<group>"; };
		3EF2266D2A2FA4AA00553325 /* UIFont+GGL.swift */ = {isa = PBXFileReference; lastKnownFileType = sourcecode.swift; path = "UIFont+GGL.swift"; sourceTree = "<group>"; };
		3EF3CAB92A65014100C46F38 /* GGLDebugViewController.swift */ = {isa = PBXFileReference; fileEncoding = 4; lastKnownFileType = sourcecode.swift; path = GGLDebugViewController.swift; sourceTree = "<group>"; };
		3EFE523F2B179C8800AF3D0E /* GouGouLiuTests.xctest */ = {isa = PBXFileReference; explicitFileType = wrapper.cfbundle; includeInIndex = 0; path = GouGouLiuTests.xctest; sourceTree = BUILT_PRODUCTS_DIR; };
		3EFE52412B179C8800AF3D0E /* GouGouLiuTests.swift */ = {isa = PBXFileReference; lastKnownFileType = sourcecode.swift; path = GouGouLiuTests.swift; sourceTree = "<group>"; };
		3EFF955A2A30DBC700E89069 /* GGLMessageViewController.swift */ = {isa = PBXFileReference; lastKnownFileType = sourcecode.swift; path = GGLMessageViewController.swift; sourceTree = "<group>"; };
		3EFF955C2A30DD1300E89069 /* AppRouter.swift */ = {isa = PBXFileReference; lastKnownFileType = sourcecode.swift; path = AppRouter.swift; sourceTree = "<group>"; };
		997C3F54446B81575D166583 /* Pods_GouGouLiu.framework */ = {isa = PBXFileReference; explicitFileType = wrapper.framework; includeInIndex = 0; path = Pods_GouGouLiu.framework; sourceTree = BUILT_PRODUCTS_DIR; };
		EFC02D02FD232B01697F298E /* Pods-GouGouLiu.release.xcconfig */ = {isa = PBXFileReference; includeInIndex = 1; lastKnownFileType = text.xcconfig; name = "Pods-GouGouLiu.release.xcconfig"; path = "Target Support Files/Pods-GouGouLiu/Pods-GouGouLiu.release.xcconfig"; sourceTree = "<group>"; };
/* End PBXFileReference section */

/* Begin PBXFrameworksBuildPhase section */
		3ED90BE02A2E24410079B4D3 /* Frameworks */ = {
			isa = PBXFrameworksBuildPhase;
			buildActionMask = 2147483647;
			files = (
				3E6A551B2B95D85000279BD6 /* RealmSwift in Frameworks */,
				3E6A55192B95D85000279BD6 /* Realm in Frameworks */,
				93F1242499CE7D731BC833A8 /* Pods_GouGouLiu.framework in Frameworks */,
			);
			runOnlyForDeploymentPostprocessing = 0;
		};
		3EFE523C2B179C8800AF3D0E /* Frameworks */ = {
			isa = PBXFrameworksBuildPhase;
			buildActionMask = 2147483647;
			files = (
			);
			runOnlyForDeploymentPostprocessing = 0;
		};
/* End PBXFrameworksBuildPhase section */

/* Begin PBXGroup section */
		07BF59E56E0A7A83E577D050 /* Pods */ = {
			isa = PBXGroup;
			children = (
				20732876E0B494D5AF100F24 /* Pods-GouGouLiu.debug.xcconfig */,
				EFC02D02FD232B01697F298E /* Pods-GouGouLiu.release.xcconfig */,
			);
			path = Pods;
			sourceTree = "<group>";
		};
		3E0A078B2A55BAFC00D60819 /* Order */ = {
			isa = PBXGroup;
			children = (
				3E0A07892A55BAF900D60819 /* GGLOrderViewController.swift */,
			);
			path = Order;
			sourceTree = "<group>";
		};
		3E1B016B2A68632200E9B05E /* GGLUser */ = {
			isa = PBXGroup;
			children = (
				3E26D1082A68555C00803FC1 /* GGLUser.swift */,
				3E3C4B402A69A8460028710A /* NetworkHelper */,
				3E3C4B412A69A8540028710A /* API */,
				3E9F11512A6BC05C00A1CC90 /* Model */,
			);
			path = GGLUser;
			sourceTree = "<group>";
		};
		3E2DA2752A2F8455001D9352 /* Layout */ = {
			isa = PBXGroup;
			children = (
				3E2DA2732A2F76F9001D9352 /* GGLWaterFallFlowLayout.swift */,
			);
			path = Layout;
			sourceTree = "<group>";
		};
		3E2DA2762A2F845E001D9352 /* View */ = {
			isa = PBXGroup;
			children = (
				3ED90C012A2E4DED0079B4D3 /* GGLHomeRecommendCell.swift */,
			);
			path = View;
			sourceTree = "<group>";
		};
		3E3C4B402A69A8460028710A /* NetworkHelper */ = {
			isa = PBXGroup;
			children = (
				3E3C4B3C2A69A2A70028710A /* GGLUserNetworkHelper.swift */,
			);
			path = NetworkHelper;
			sourceTree = "<group>";
		};
		3E3C4B412A69A8540028710A /* API */ = {
			isa = PBXGroup;
			children = (
				3E3C4B422A69A9DC0028710A /* GGLUserSignupAPI.swift */,
				3E3C4B3E2A69A3950028710A /* GGLUserLoginAPI.swift */,
				3E3C4B442A69AB270028710A /* GGLUserLogoutAPI.swift */,
				3EADFE7A2A6AEAD400225625 /* GGLUserClearAllAPI.swift */,
			);
			path = API;
			sourceTree = "<group>";
		};
		3E453B482A6DA73700B30C3C /* Post */ = {
			isa = PBXGroup;
			children = (
				3E453B462A6DA67B00B30C3C /* GGLPostViewController.swift */,
				3EADA9482A71896700F5BB13 /* GGLPostManager.swift */,
				3E6D463F2A70277B000AB07C /* ViewModel */,
				3E6D46402A702784000AB07C /* Adapter */,
				3E6D46442A702FD7000AB07C /* View */,
				3E6D46412A70278C000AB07C /* API */,
				3EADA9472A715ACD00F5BB13 /* Model */,
			);
			path = Post;
			sourceTree = "<group>";
		};
		3E6861422B8CE50900B07FDA /* Adapter */ = {
			isa = PBXGroup;
			children = (
				3E6861402B8CE50500B07FDA /* GGLChatMessageAdapter.swift */,
			);
			path = Adapter;
			sourceTree = "<group>";
		};
		3E6861492B8DA12C00B07FDA /* ViewModel */ = {
			isa = PBXGroup;
			children = (
				3E6861472B8DA10F00B07FDA /* GGLChatRoomViewModel.swift */,
			);
			path = ViewModel;
			sourceTree = "<group>";
		};
		3E6A55692B9A2B2700279BD6 /* Data */ = {
			isa = PBXGroup;
			children = (
				3E6A551C2B9816DA00279BD6 /* GGLDataBase.swift */,
				3E6A556A2B9A2B4600279BD6 /* GGLDataBase+Message.swift */,
			);
			path = Data;
			sourceTree = "<group>";
		};
		3E6D46392A7015C0000AB07C /* Controller */ = {
			isa = PBXGroup;
			children = (
				3ED90BFA2A2E31A90079B4D3 /* GGLTabBarController.swift */,
				3E453B422A6D941B00B30C3C /* GGLPublishOptionViewController.swift */,
			);
			path = Controller;
			sourceTree = "<group>";
		};
		3E6D463F2A70277B000AB07C /* ViewModel */ = {
			isa = PBXGroup;
			children = (
				3E453B492A6DA78300B30C3C /* GGLPostViewModel.swift */,
			);
			path = ViewModel;
			sourceTree = "<group>";
		};
		3E6D46402A702784000AB07C /* Adapter */ = {
			isa = PBXGroup;
			children = (
				3E6D463D2A701C2A000AB07C /* GGLPostAdapter.swift */,
			);
			path = Adapter;
			sourceTree = "<group>";
		};
		3E6D46412A70278C000AB07C /* API */ = {
			isa = PBXGroup;
			children = (
				3E453B4B2A6DA96A00B30C3C /* GGLPostAPI.swift */,
				3E43E2602AED7C4A00D6418A /* GGLClearAllPostAPI.swift */,
			);
			path = API;
			sourceTree = "<group>";
		};
		3E6D46442A702FD7000AB07C /* View */ = {
			isa = PBXGroup;
			children = (
				3E6D46422A702ECC000AB07C /* GGLPostUploadPhotoCell.swift */,
				3E6D464D2A703A59000AB07C /* GGLPostUploadPhotoContentCell.swift */,
				3E6D46452A702FFC000AB07C /* GGLPostInputTitleCell.swift */,
				3E6D46492A703232000AB07C /* GGLPostInputContentCell.swift */,
			);
			path = View;
			sourceTree = "<group>";
		};
		3E6EB8262A3F55E600675A2A /* Model */ = {
			isa = PBXGroup;
			children = (
				3E6EB8242A3F54FE00675A2A /* GGLMessageModel.swift */,
				3E68613C2B8CDBC500B07FDA /* GGLChatModel.swift */,
			);
			path = Model;
			sourceTree = "<group>";
		};
		3E6EB8292A3F563A00675A2A /* View */ = {
			isa = PBXGroup;
			children = (
				3E68614C2B8E280900B07FDA /* GGLChatRoomInputView.swift */,
				3E6EB82A2A3F565100675A2A /* GGLMessageCell.swift */,
				3E68613E2B8CDD8000B07FDA /* GGLChatCell.swift */,
			);
			path = View;
			sourceTree = "<group>";
		};
		3E90E2E12A652CDB00A6EA70 /* GGLUploadPhotoManager */ = {
			isa = PBXGroup;
			children = (
				3E90E2DF2A652CD500A6EA70 /* GGLUploadPhotoManager.swift */,
				3EA4B3252A65C38E00A592BA /* API */,
				3EA4B3262A65C39B00A592BA /* Model */,
			);
			path = GGLUploadPhotoManager;
			sourceTree = "<group>";
		};
		3E9F11512A6BC05C00A1CC90 /* Model */ = {
			isa = PBXGroup;
			children = (
				3E9F114F2A6BBEE600A1CC90 /* GGLUserModel.swift */,
			);
			path = Model;
			sourceTree = "<group>";
		};
		3EA4B3252A65C38E00A592BA /* API */ = {
			isa = PBXGroup;
			children = (
				3E90E2DD2A652BD000A6EA70 /* GGLUploadPhotoAPI.swift */,
				3ECD36A22A678DCF00092488 /* GGLClearAllPhotoAPI.swift */,
			);
			path = API;
			sourceTree = "<group>";
		};
		3EA4B3262A65C39B00A592BA /* Model */ = {
			isa = PBXGroup;
			children = (
				3EA4B3232A65C33E00A592BA /* GGLUploadPhotoModel.swift */,
			);
			path = Model;
			sourceTree = "<group>";
		};
		3EADA9472A715ACD00F5BB13 /* Model */ = {
			isa = PBXGroup;
			children = (
				3EADA9452A715AB400F5BB13 /* GGLPostModel.swift */,
			);
			path = Model;
			sourceTree = "<group>";
		};
		3EB0DE182A8BE9B800ED00D8 /* API */ = {
			isa = PBXGroup;
			children = (
				3EB0DE162A8BE98B00ED00D8 /* GGLTopicAPI.swift */,
			);
			name = API;
			sourceTree = "<group>";
		};
		3EB404AE2A54880D0032E899 /* ViewModel */ = {
			isa = PBXGroup;
			children = (
				3EB404AC2A5487F00032E899 /* GGLHomeViewModel.swift */,
			);
			path = ViewModel;
			sourceTree = "<group>";
		};
		3EB404B12A5489DA0032E899 /* Model */ = {
			isa = PBXGroup;
			children = (
				3EB404AF2A54890F0032E899 /* GGLHomePostModel.swift */,
			);
			path = Model;
			sourceTree = "<group>";
		};
		3EB404B42A548CA90032E899 /* API */ = {
			isa = PBXGroup;
			children = (
				3EB404B22A548B680032E899 /* GGLHomePostAPI.swift */,
			);
			path = API;
			sourceTree = "<group>";
		};
		3ECFA7652A751C4E00CB465B /* Adapter */ = {
			isa = PBXGroup;
			children = (
				3ECFA7612A75074D00CB465B /* GGLTopicAdapter.swift */,
			);
			path = Adapter;
			sourceTree = "<group>";
		};
		3ECFA7662A751C5400CB465B /* ViewModel */ = {
			isa = PBXGroup;
			children = (
				3ECFA7632A750A3100CB465B /* GGLTopicViewModel.swift */,
			);
			path = ViewModel;
			sourceTree = "<group>";
		};
		3ECFA76B2A751CD600CB465B /* View */ = {
			isa = PBXGroup;
			children = (
				3ECFA7672A751C8600CB465B /* GGLTopicPhotosBrowserCell.swift */,
				3ECFA7692A751CD100CB465B /* GGLTopicContentCell.swift */,
			);
			path = View;
			sourceTree = "<group>";
		};
		3ECFA7702A7525BD00CB465B /* WebImageBrowser */ = {
			isa = PBXGroup;
			children = (
				3ECFA76C2A751FCB00CB465B /* GGLWebImageBrowser.swift */,
			);
			path = WebImageBrowser;
			sourceTree = "<group>";
		};
		3ECFA7732A75312600CB465B /* General */ = {
			isa = PBXGroup;
			children = (
				3ECFA7702A7525BD00CB465B /* WebImageBrowser */,
				3E53B5342A8800930007C560 /* GGLEmptyDataView.swift */,
			);
			path = General;
			sourceTree = "<group>";
		};
		3ED370CE2A597C4300639291 /* Manager */ = {
			isa = PBXGroup;
			children = (
				3EFF955C2A30DD1300E89069 /* AppRouter.swift */,
				3E0A078C2A55D8B400D60819 /* GGLPhotoDownloadManager.swift */,
				3E5509322A66900F00653568 /* GGLNetworkManager.swift */,
				3E1B016B2A68632200E9B05E /* GGLUser */,
				3E90E2E12A652CDB00A6EA70 /* GGLUploadPhotoManager */,
			);
			path = Manager;
			sourceTree = "<group>";
		};
		3ED90BDA2A2E24410079B4D3 = {
			isa = PBXGroup;
			children = (
				3ED90BE52A2E24410079B4D3 /* GouGouLiu */,
				3EFE52402B179C8800AF3D0E /* GouGouLiuTests */,
				3ED90BE42A2E24410079B4D3 /* Products */,
				07BF59E56E0A7A83E577D050 /* Pods */,
				9784F76E01C5AE95F2A539B8 /* Frameworks */,
			);
			sourceTree = "<group>";
		};
		3ED90BE42A2E24410079B4D3 /* Products */ = {
			isa = PBXGroup;
			children = (
				3ED90BE32A2E24410079B4D3 /* GouGouLiu.app */,
				3EFE523F2B179C8800AF3D0E /* GouGouLiuTests.xctest */,
			);
			name = Products;
			sourceTree = "<group>";
		};
		3ED90BE52A2E24410079B4D3 /* GouGouLiu */ = {
			isa = PBXGroup;
			children = (
				3EFF95582A30DB8100E89069 /* Main */,
				3ED90C002A2E4CFA0079B4D3 /* Home */,
				3E0A078B2A55BAFC00D60819 /* Order */,
				3EFF95592A30DB9E00E89069 /* Message */,
				3E453B482A6DA73700B30C3C /* Post */,
				3ED90C032A2E543A0079B4D3 /* Personal */,
				3ED90C082A2E5A1E0079B4D3 /* Topic */,
				3EF3CAB82A65012D00C46F38 /* Debug */,
				3ED370CE2A597C4300639291 /* Manager */,
				3E6A55692B9A2B2700279BD6 /* Data */,
				3ECFA7732A75312600CB465B /* General */,
				3ED90C0B2A2E5AB30079B4D3 /* Base */,
				3ED90BFC2A2E49E30079B4D3 /* Utilities */,
				3ED90C0F2A2E5E780079B4D3 /* Support */,
			);
			path = GouGouLiu;
			sourceTree = "<group>";
		};
		3ED90BFC2A2E49E30079B4D3 /* Utilities */ = {
			isa = PBXGroup;
			children = (
				3ED370CC2A5974E300639291 /* GGLAPIConstants.swift */,
				3ED90BFD2A2E4A200079B4D3 /* UIImage+GGL.swift */,
				3EF2266D2A2FA4AA00553325 /* UIFont+GGL.swift */,
				3E6B0C312A3087D9002317D6 /* String+GGL.swift */,
				3EB404B52A548D200032E899 /* Observable+GGL.swift */,
				3E26D10A2A6856CF00803FC1 /* UserDefaults+GGL.swift */,
				3E3C4B462A69B3B70028710A /* UIAlertController+GGL.swift */,
				3E77FCA42A66CC7C00699C47 /* NSNotification.Name+GGL.swift */,
				3E6D46372A7011A5000AB07C /* ProgressHUD+GGL.swift */,
				3E6D464F2A703AA8000AB07C /* UITableView+GGL.swift */,
				3E6D46512A703AB6000AB07C /* UICollectionView+GGL.swift */,
				3ED370CF2A597CB900639291 /* GGLTool.swift */,
			);
			path = Utilities;
			sourceTree = "<group>";
		};
		3ED90C002A2E4CFA0079B4D3 /* Home */ = {
			isa = PBXGroup;
			children = (
				3ED90BEA2A2E24410079B4D3 /* GGLHomeViewController.swift */,
				3EB404AE2A54880D0032E899 /* ViewModel */,
				3E2DA2762A2F845E001D9352 /* View */,
				3EB404B12A5489DA0032E899 /* Model */,
				3EB404B42A548CA90032E899 /* API */,
				3E2DA2752A2F8455001D9352 /* Layout */,
			);
			path = Home;
			sourceTree = "<group>";
		};
		3ED90C032A2E543A0079B4D3 /* Personal */ = {
			isa = PBXGroup;
			children = (
				3ED90C042A2E54580079B4D3 /* GGLPersonalViewController.swift */,
			);
			path = Personal;
			sourceTree = "<group>";
		};
		3ED90C082A2E5A1E0079B4D3 /* Topic */ = {
			isa = PBXGroup;
			children = (
				3ED90C062A2E59F40079B4D3 /* GGLTopicViewController.swift */,
				3ECFA7652A751C4E00CB465B /* Adapter */,
				3ECFA7662A751C5400CB465B /* ViewModel */,
				3ECFA76B2A751CD600CB465B /* View */,
				3EB0DE182A8BE9B800ED00D8 /* API */,
			);
			path = Topic;
			sourceTree = "<group>";
		};
		3ED90C0B2A2E5AB30079B4D3 /* Base */ = {
			isa = PBXGroup;
			children = (
				3ED90C092A2E5A870079B4D3 /* GGLBaseViewController.swift */,
				3E77FCA62A66DB6D00699C47 /* GGLBaseHostingController.swift */,
				3ED90C102A2E620B0079B4D3 /* GGLBaseNavigationController.swift */,
				3E6D46472A7031BC000AB07C /* GGLBaseTableViewCell.swift */,
				3E6D464B2A7033C4000AB07C /* GGLBaseTableView.swift */,
				3E9F11542A6C179200A1CC90 /* GGLMoyaModel.swift */,
			);
			path = Base;
			sourceTree = "<group>";
		};
		3ED90C0F2A2E5E780079B4D3 /* Support */ = {
			isa = PBXGroup;
			children = (
				3ED90C0D2A2E5E490079B4D3 /* GGLGlobalImport.swift */,
				3ED90BEF2A2E24420079B4D3 /* Assets.xcassets */,
				3ED90BF12A2E24420079B4D3 /* LaunchScreen.storyboard */,
				3ED90BF42A2E24420079B4D3 /* Info.plist */,
			);
			path = Support;
			sourceTree = "<group>";
		};
		3EF3CAB82A65012D00C46F38 /* Debug */ = {
			isa = PBXGroup;
			children = (
				3EF3CAB92A65014100C46F38 /* GGLDebugViewController.swift */,
			);
			path = Debug;
			sourceTree = "<group>";
		};
		3EFE52402B179C8800AF3D0E /* GouGouLiuTests */ = {
			isa = PBXGroup;
			children = (
				3EFE52412B179C8800AF3D0E /* GouGouLiuTests.swift */,
			);
			path = GouGouLiuTests;
			sourceTree = "<group>";
		};
		3EFF95582A30DB8100E89069 /* Main */ = {
			isa = PBXGroup;
			children = (
				3ED90BE62A2E24410079B4D3 /* AppDelegate.swift */,
				3ED90BE82A2E24410079B4D3 /* SceneDelegate.swift */,
				3E6D46392A7015C0000AB07C /* Controller */,
			);
			path = Main;
			sourceTree = "<group>";
		};
		3EFF95592A30DB9E00E89069 /* Message */ = {
			isa = PBXGroup;
			children = (
				3EFF955A2A30DBC700E89069 /* GGLMessageViewController.swift */,
				3EAD23E32A401C9F000238AC /* GGLChatRoomViewController.swift */,
				3E6861492B8DA12C00B07FDA /* ViewModel */,
				3E6861422B8CE50900B07FDA /* Adapter */,
				3E6EB8292A3F563A00675A2A /* View */,
				3E6EB8262A3F55E600675A2A /* Model */,
			);
			path = Message;
			sourceTree = "<group>";
		};
		9784F76E01C5AE95F2A539B8 /* Frameworks */ = {
			isa = PBXGroup;
			children = (
				997C3F54446B81575D166583 /* Pods_GouGouLiu.framework */,
			);
			name = Frameworks;
			sourceTree = "<group>";
		};
/* End PBXGroup section */

/* Begin PBXNativeTarget section */
		3ED90BE22A2E24410079B4D3 /* GouGouLiu */ = {
			isa = PBXNativeTarget;
			buildConfigurationList = 3ED90BF72A2E24420079B4D3 /* Build configuration list for PBXNativeTarget "GouGouLiu" */;
			buildPhases = (
				98530A416904CEC4A20FCF0B /* [CP] Check Pods Manifest.lock */,
				3ED90BDF2A2E24410079B4D3 /* Sources */,
				3ED90BE02A2E24410079B4D3 /* Frameworks */,
				3ED90BE12A2E24410079B4D3 /* Resources */,
				3C64236BEDD1772869D03754 /* [CP] Embed Pods Frameworks */,
			);
			buildRules = (
			);
			dependencies = (
			);
			name = GouGouLiu;
			packageProductDependencies = (
				3E6A55182B95D85000279BD6 /* Realm */,
				3E6A551A2B95D85000279BD6 /* RealmSwift */,
			);
			productName = GouGouLiu;
			productReference = 3ED90BE32A2E24410079B4D3 /* GouGouLiu.app */;
			productType = "com.apple.product-type.application";
		};
		3EFE523E2B179C8800AF3D0E /* GouGouLiuTests */ = {
			isa = PBXNativeTarget;
			buildConfigurationList = 3EFE52472B179C8800AF3D0E /* Build configuration list for PBXNativeTarget "GouGouLiuTests" */;
			buildPhases = (
				3EFE523B2B179C8800AF3D0E /* Sources */,
				3EFE523C2B179C8800AF3D0E /* Frameworks */,
				3EFE523D2B179C8800AF3D0E /* Resources */,
			);
			buildRules = (
			);
			dependencies = (
				3EFE52442B179C8800AF3D0E /* PBXTargetDependency */,
			);
			name = GouGouLiuTests;
			productName = GouGouLiuTests;
			productReference = 3EFE523F2B179C8800AF3D0E /* GouGouLiuTests.xctest */;
			productType = "com.apple.product-type.bundle.unit-test";
		};
/* End PBXNativeTarget section */

/* Begin PBXProject section */
		3ED90BDB2A2E24410079B4D3 /* Project object */ = {
			isa = PBXProject;
			attributes = {
				BuildIndependentTargetsInParallel = 1;
				LastSwiftUpdateCheck = 1500;
				LastUpgradeCheck = 1420;
				TargetAttributes = {
					3ED90BE22A2E24410079B4D3 = {
						CreatedOnToolsVersion = 14.2;
					};
					3EFE523E2B179C8800AF3D0E = {
						CreatedOnToolsVersion = 15.0.1;
						TestTargetID = 3ED90BE22A2E24410079B4D3;
					};
				};
			};
			buildConfigurationList = 3ED90BDE2A2E24410079B4D3 /* Build configuration list for PBXProject "GouGouLiu" */;
			compatibilityVersion = "Xcode 14.0";
			developmentRegion = en;
			hasScannedForEncodings = 0;
			knownRegions = (
				en,
				Base,
			);
			mainGroup = 3ED90BDA2A2E24410079B4D3;
			packageReferences = (
				3E6A55172B95D85000279BD6 /* XCRemoteSwiftPackageReference "realm-swift" */,
			);
			productRefGroup = 3ED90BE42A2E24410079B4D3 /* Products */;
			projectDirPath = "";
			projectRoot = "";
			targets = (
				3ED90BE22A2E24410079B4D3 /* GouGouLiu */,
				3EFE523E2B179C8800AF3D0E /* GouGouLiuTests */,
			);
		};
/* End PBXProject section */

/* Begin PBXResourcesBuildPhase section */
		3ED90BE12A2E24410079B4D3 /* Resources */ = {
			isa = PBXResourcesBuildPhase;
			buildActionMask = 2147483647;
			files = (
				3ED90BF32A2E24420079B4D3 /* LaunchScreen.storyboard in Resources */,
				3ED90BF02A2E24420079B4D3 /* Assets.xcassets in Resources */,
			);
			runOnlyForDeploymentPostprocessing = 0;
		};
		3EFE523D2B179C8800AF3D0E /* Resources */ = {
			isa = PBXResourcesBuildPhase;
			buildActionMask = 2147483647;
			files = (
			);
			runOnlyForDeploymentPostprocessing = 0;
		};
/* End PBXResourcesBuildPhase section */

/* Begin PBXShellScriptBuildPhase section */
		3C64236BEDD1772869D03754 /* [CP] Embed Pods Frameworks */ = {
			isa = PBXShellScriptBuildPhase;
			buildActionMask = 2147483647;
			files = (
			);
			inputFileListPaths = (
				"${PODS_ROOT}/Target Support Files/Pods-GouGouLiu/Pods-GouGouLiu-frameworks-${CONFIGURATION}-input-files.xcfilelist",
			);
			name = "[CP] Embed Pods Frameworks";
			outputFileListPaths = (
				"${PODS_ROOT}/Target Support Files/Pods-GouGouLiu/Pods-GouGouLiu-frameworks-${CONFIGURATION}-output-files.xcfilelist",
			);
			runOnlyForDeploymentPostprocessing = 0;
			shellPath = /bin/sh;
			shellScript = "\"${PODS_ROOT}/Target Support Files/Pods-GouGouLiu/Pods-GouGouLiu-frameworks.sh\"\n";
			showEnvVarsInLog = 0;
		};
		98530A416904CEC4A20FCF0B /* [CP] Check Pods Manifest.lock */ = {
			isa = PBXShellScriptBuildPhase;
			buildActionMask = 2147483647;
			files = (
			);
			inputFileListPaths = (
			);
			inputPaths = (
				"${PODS_PODFILE_DIR_PATH}/Podfile.lock",
				"${PODS_ROOT}/Manifest.lock",
			);
			name = "[CP] Check Pods Manifest.lock";
			outputFileListPaths = (
			);
			outputPaths = (
				"$(DERIVED_FILE_DIR)/Pods-GouGouLiu-checkManifestLockResult.txt",
			);
			runOnlyForDeploymentPostprocessing = 0;
			shellPath = /bin/sh;
			shellScript = "diff \"${PODS_PODFILE_DIR_PATH}/Podfile.lock\" \"${PODS_ROOT}/Manifest.lock\" > /dev/null\nif [ $? != 0 ] ; then\n    # print error to STDERR\n    echo \"error: The sandbox is not in sync with the Podfile.lock. Run 'pod install' or update your CocoaPods installation.\" >&2\n    exit 1\nfi\n# This output is used by Xcode 'outputs' to avoid re-running this script phase.\necho \"SUCCESS\" > \"${SCRIPT_OUTPUT_FILE_0}\"\n";
			showEnvVarsInLog = 0;
		};
/* End PBXShellScriptBuildPhase section */

/* Begin PBXSourcesBuildPhase section */
		3ED90BDF2A2E24410079B4D3 /* Sources */ = {
			isa = PBXSourcesBuildPhase;
			buildActionMask = 2147483647;
			files = (
				3ED90C0A2A2E5A870079B4D3 /* GGLBaseViewController.swift in Sources */,
				3E6D46382A7011A5000AB07C /* ProgressHUD+GGL.swift in Sources */,
				3E68613D2B8CDBC500B07FDA /* GGLChatModel.swift in Sources */,
				3E6A551D2B9816DA00279BD6 /* GGLDataBase.swift in Sources */,
				3E2DA2742A2F76F9001D9352 /* GGLWaterFallFlowLayout.swift in Sources */,
				3ECFA7642A750A3100CB465B /* GGLTopicViewModel.swift in Sources */,
				3EADA9492A71896700F5BB13 /* GGLPostManager.swift in Sources */,
				3E6D46522A703AB6000AB07C /* UICollectionView+GGL.swift in Sources */,
				3E53B5352A8800930007C560 /* GGLEmptyDataView.swift in Sources */,
				3E3C4B452A69AB270028710A /* GGLUserLogoutAPI.swift in Sources */,
				3E6861482B8DA10F00B07FDA /* GGLChatRoomViewModel.swift in Sources */,
				3E6A556B2B9A2B4600279BD6 /* GGLDataBase+Message.swift in Sources */,
				3ED90C052A2E54580079B4D3 /* GGLPersonalViewController.swift in Sources */,
				3E453B432A6D941B00B30C3C /* GGLPublishOptionViewController.swift in Sources */,
				3EAD23E42A401C9F000238AC /* GGLChatRoomViewController.swift in Sources */,
				3EF2266E2A2FA4AA00553325 /* UIFont+GGL.swift in Sources */,
				3ED90BEB2A2E24410079B4D3 /* GGLHomeViewController.swift in Sources */,
				3E6861412B8CE50500B07FDA /* GGLChatMessageAdapter.swift in Sources */,
				3EB404AD2A5487F00032E899 /* GGLHomeViewModel.swift in Sources */,
				3E6B0C322A3087D9002317D6 /* String+GGL.swift in Sources */,
				3ECFA76D2A751FCB00CB465B /* GGLWebImageBrowser.swift in Sources */,
				3E6D46462A702FFC000AB07C /* GGLPostInputTitleCell.swift in Sources */,
				3ED90BFE2A2E4A200079B4D3 /* UIImage+GGL.swift in Sources */,
				3E26D10B2A6856CF00803FC1 /* UserDefaults+GGL.swift in Sources */,
				3E26D1092A68555C00803FC1 /* GGLUser.swift in Sources */,
				3ECD36A32A678DCF00092488 /* GGLClearAllPhotoAPI.swift in Sources */,
				3E90E2E02A652CD500A6EA70 /* GGLUploadPhotoManager.swift in Sources */,
				3E6D464C2A7033C4000AB07C /* GGLBaseTableView.swift in Sources */,
				3E68613F2B8CDD8000B07FDA /* GGLChatCell.swift in Sources */,
				3E9F11552A6C179200A1CC90 /* GGLMoyaModel.swift in Sources */,
				3ED90C112A2E620B0079B4D3 /* GGLBaseNavigationController.swift in Sources */,
				3ED90BE72A2E24410079B4D3 /* AppDelegate.swift in Sources */,
				3E6D464E2A703A59000AB07C /* GGLPostUploadPhotoContentCell.swift in Sources */,
				3E6D464A2A703232000AB07C /* GGLPostInputContentCell.swift in Sources */,
				3E0A078A2A55BAF900D60819 /* GGLOrderViewController.swift in Sources */,
				3E453B472A6DA67B00B30C3C /* GGLPostViewController.swift in Sources */,
				3EB404B32A548B680032E899 /* GGLHomePostAPI.swift in Sources */,
				3E77FCA72A66DB6D00699C47 /* GGLBaseHostingController.swift in Sources */,
				3ED370CD2A5974E300639291 /* GGLAPIConstants.swift in Sources */,
				3EA4B3242A65C33E00A592BA /* GGLUploadPhotoModel.swift in Sources */,
				3ED90BFB2A2E31A90079B4D3 /* GGLTabBarController.swift in Sources */,
				3ECFA7622A75074D00CB465B /* GGLTopicAdapter.swift in Sources */,
				3EB404B02A54890F0032E899 /* GGLHomePostModel.swift in Sources */,
				3EF3CABA2A65014100C46F38 /* GGLDebugViewController.swift in Sources */,
				3E77FCA52A66CC7C00699C47 /* NSNotification.Name+GGL.swift in Sources */,
				3E9F11502A6BBEE600A1CC90 /* GGLUserModel.swift in Sources */,
				3E453B4A2A6DA78300B30C3C /* GGLPostViewModel.swift in Sources */,
				3E0A078D2A55D8B400D60819 /* GGLPhotoDownloadManager.swift in Sources */,
				3E6D46482A7031BC000AB07C /* GGLBaseTableViewCell.swift in Sources */,
				3EADA9462A715AB400F5BB13 /* GGLPostModel.swift in Sources */,
				3E5509332A66900F00653568 /* GGLNetworkManager.swift in Sources */,
				3E6EB8252A3F54FE00675A2A /* GGLMessageModel.swift in Sources */,
				3E3C4B3D2A69A2A70028710A /* GGLUserNetworkHelper.swift in Sources */,
				3EB0DE172A8BE98B00ED00D8 /* GGLTopicAPI.swift in Sources */,
				3ED90C022A2E4DED0079B4D3 /* GGLHomeRecommendCell.swift in Sources */,
				3E453B4C2A6DA96A00B30C3C /* GGLPostAPI.swift in Sources */,
				3EADFE7B2A6AEAD400225625 /* GGLUserClearAllAPI.swift in Sources */,
				3E6D463E2A701C2A000AB07C /* GGLPostAdapter.swift in Sources */,
				3E6D46502A703AA8000AB07C /* UITableView+GGL.swift in Sources */,
				3ED370D02A597CB900639291 /* GGLTool.swift in Sources */,
				3EB404B62A548D200032E899 /* Observable+GGL.swift in Sources */,
				3ECFA7682A751C8600CB465B /* GGLTopicPhotosBrowserCell.swift in Sources */,
				3E3C4B472A69B3B70028710A /* UIAlertController+GGL.swift in Sources */,
				3EFF955B2A30DBC700E89069 /* GGLMessageViewController.swift in Sources */,
				3EFF955D2A30DD1300E89069 /* AppRouter.swift in Sources */,
				3E68614D2B8E280900B07FDA /* GGLChatRoomInputView.swift in Sources */,
				3ECFA76A2A751CD100CB465B /* GGLTopicContentCell.swift in Sources */,
				3ED90BE92A2E24410079B4D3 /* SceneDelegate.swift in Sources */,
				3ED90C0E2A2E5E490079B4D3 /* GGLGlobalImport.swift in Sources */,
				3E43E2612AED7C4A00D6418A /* GGLClearAllPostAPI.swift in Sources */,
				3E6D46432A702ECC000AB07C /* GGLPostUploadPhotoCell.swift in Sources */,
				3E3C4B432A69A9DC0028710A /* GGLUserSignupAPI.swift in Sources */,
				3ED90C072A2E59F40079B4D3 /* GGLTopicViewController.swift in Sources */,
				3E3C4B3F2A69A3950028710A /* GGLUserLoginAPI.swift in Sources */,
				3E6EB82B2A3F565100675A2A /* GGLMessageCell.swift in Sources */,
				3E90E2DE2A652BD000A6EA70 /* GGLUploadPhotoAPI.swift in Sources */,
			);
			runOnlyForDeploymentPostprocessing = 0;
		};
		3EFE523B2B179C8800AF3D0E /* Sources */ = {
			isa = PBXSourcesBuildPhase;
			buildActionMask = 2147483647;
			files = (
				3EFE52422B179C8800AF3D0E /* GouGouLiuTests.swift in Sources */,
			);
			runOnlyForDeploymentPostprocessing = 0;
		};
/* End PBXSourcesBuildPhase section */

/* Begin PBXTargetDependency section */
		3EFE52442B179C8800AF3D0E /* PBXTargetDependency */ = {
			isa = PBXTargetDependency;
			target = 3ED90BE22A2E24410079B4D3 /* GouGouLiu */;
			targetProxy = 3EFE52432B179C8800AF3D0E /* PBXContainerItemProxy */;
		};
/* End PBXTargetDependency section */

/* Begin PBXVariantGroup section */
		3ED90BF12A2E24420079B4D3 /* LaunchScreen.storyboard */ = {
			isa = PBXVariantGroup;
			children = (
				3ED90BF22A2E24420079B4D3 /* Base */,
			);
			name = LaunchScreen.storyboard;
			sourceTree = "<group>";
		};
/* End PBXVariantGroup section */

/* Begin XCBuildConfiguration section */
		3ED90BF52A2E24420079B4D3 /* Debug */ = {
			isa = XCBuildConfiguration;
			buildSettings = {
				ALWAYS_SEARCH_USER_PATHS = NO;
				CLANG_ANALYZER_NONNULL = YES;
				CLANG_ANALYZER_NUMBER_OBJECT_CONVERSION = YES_AGGRESSIVE;
				CLANG_CXX_LANGUAGE_STANDARD = "gnu++20";
				CLANG_ENABLE_MODULES = YES;
				CLANG_ENABLE_OBJC_ARC = YES;
				CLANG_ENABLE_OBJC_WEAK = YES;
				CLANG_WARN_BLOCK_CAPTURE_AUTORELEASING = YES;
				CLANG_WARN_BOOL_CONVERSION = YES;
				CLANG_WARN_COMMA = YES;
				CLANG_WARN_CONSTANT_CONVERSION = YES;
				CLANG_WARN_DEPRECATED_OBJC_IMPLEMENTATIONS = YES;
				CLANG_WARN_DIRECT_OBJC_ISA_USAGE = YES_ERROR;
				CLANG_WARN_DOCUMENTATION_COMMENTS = YES;
				CLANG_WARN_EMPTY_BODY = YES;
				CLANG_WARN_ENUM_CONVERSION = YES;
				CLANG_WARN_INFINITE_RECURSION = YES;
				CLANG_WARN_INT_CONVERSION = YES;
				CLANG_WARN_NON_LITERAL_NULL_CONVERSION = YES;
				CLANG_WARN_OBJC_IMPLICIT_RETAIN_SELF = YES;
				CLANG_WARN_OBJC_LITERAL_CONVERSION = YES;
				CLANG_WARN_OBJC_ROOT_CLASS = YES_ERROR;
				CLANG_WARN_QUOTED_INCLUDE_IN_FRAMEWORK_HEADER = YES;
				CLANG_WARN_RANGE_LOOP_ANALYSIS = YES;
				CLANG_WARN_STRICT_PROTOTYPES = YES;
				CLANG_WARN_SUSPICIOUS_MOVE = YES;
				CLANG_WARN_UNGUARDED_AVAILABILITY = YES_AGGRESSIVE;
				CLANG_WARN_UNREACHABLE_CODE = YES;
				CLANG_WARN__DUPLICATE_METHOD_MATCH = YES;
				COPY_PHASE_STRIP = NO;
				DEBUG_INFORMATION_FORMAT = dwarf;
				ENABLE_STRICT_OBJC_MSGSEND = YES;
				ENABLE_TESTABILITY = YES;
				GCC_C_LANGUAGE_STANDARD = gnu11;
				GCC_DYNAMIC_NO_PIC = NO;
				GCC_NO_COMMON_BLOCKS = YES;
				GCC_OPTIMIZATION_LEVEL = 0;
				GCC_PREPROCESSOR_DEFINITIONS = (
					"DEBUG=1",
					"$(inherited)",
				);
				GCC_WARN_64_TO_32_BIT_CONVERSION = YES;
				GCC_WARN_ABOUT_RETURN_TYPE = YES_ERROR;
				GCC_WARN_UNDECLARED_SELECTOR = YES;
				GCC_WARN_UNINITIALIZED_AUTOS = YES_AGGRESSIVE;
				GCC_WARN_UNUSED_FUNCTION = YES;
				GCC_WARN_UNUSED_VARIABLE = YES;
				IPHONEOS_DEPLOYMENT_TARGET = 16.2;
				MTL_ENABLE_DEBUG_INFO = INCLUDE_SOURCE;
				MTL_FAST_MATH = YES;
				ONLY_ACTIVE_ARCH = YES;
				SDKROOT = iphoneos;
				SWIFT_ACTIVE_COMPILATION_CONDITIONS = DEBUG;
				SWIFT_OPTIMIZATION_LEVEL = "-Onone";
			};
			name = Debug;
		};
		3ED90BF62A2E24420079B4D3 /* Release */ = {
			isa = XCBuildConfiguration;
			buildSettings = {
				ALWAYS_SEARCH_USER_PATHS = NO;
				CLANG_ANALYZER_NONNULL = YES;
				CLANG_ANALYZER_NUMBER_OBJECT_CONVERSION = YES_AGGRESSIVE;
				CLANG_CXX_LANGUAGE_STANDARD = "gnu++20";
				CLANG_ENABLE_MODULES = YES;
				CLANG_ENABLE_OBJC_ARC = YES;
				CLANG_ENABLE_OBJC_WEAK = YES;
				CLANG_WARN_BLOCK_CAPTURE_AUTORELEASING = YES;
				CLANG_WARN_BOOL_CONVERSION = YES;
				CLANG_WARN_COMMA = YES;
				CLANG_WARN_CONSTANT_CONVERSION = YES;
				CLANG_WARN_DEPRECATED_OBJC_IMPLEMENTATIONS = YES;
				CLANG_WARN_DIRECT_OBJC_ISA_USAGE = YES_ERROR;
				CLANG_WARN_DOCUMENTATION_COMMENTS = YES;
				CLANG_WARN_EMPTY_BODY = YES;
				CLANG_WARN_ENUM_CONVERSION = YES;
				CLANG_WARN_INFINITE_RECURSION = YES;
				CLANG_WARN_INT_CONVERSION = YES;
				CLANG_WARN_NON_LITERAL_NULL_CONVERSION = YES;
				CLANG_WARN_OBJC_IMPLICIT_RETAIN_SELF = YES;
				CLANG_WARN_OBJC_LITERAL_CONVERSION = YES;
				CLANG_WARN_OBJC_ROOT_CLASS = YES_ERROR;
				CLANG_WARN_QUOTED_INCLUDE_IN_FRAMEWORK_HEADER = YES;
				CLANG_WARN_RANGE_LOOP_ANALYSIS = YES;
				CLANG_WARN_STRICT_PROTOTYPES = YES;
				CLANG_WARN_SUSPICIOUS_MOVE = YES;
				CLANG_WARN_UNGUARDED_AVAILABILITY = YES_AGGRESSIVE;
				CLANG_WARN_UNREACHABLE_CODE = YES;
				CLANG_WARN__DUPLICATE_METHOD_MATCH = YES;
				COPY_PHASE_STRIP = NO;
				DEBUG_INFORMATION_FORMAT = "dwarf-with-dsym";
				ENABLE_NS_ASSERTIONS = NO;
				ENABLE_STRICT_OBJC_MSGSEND = YES;
				GCC_C_LANGUAGE_STANDARD = gnu11;
				GCC_NO_COMMON_BLOCKS = YES;
				GCC_WARN_64_TO_32_BIT_CONVERSION = YES;
				GCC_WARN_ABOUT_RETURN_TYPE = YES_ERROR;
				GCC_WARN_UNDECLARED_SELECTOR = YES;
				GCC_WARN_UNINITIALIZED_AUTOS = YES_AGGRESSIVE;
				GCC_WARN_UNUSED_FUNCTION = YES;
				GCC_WARN_UNUSED_VARIABLE = YES;
				IPHONEOS_DEPLOYMENT_TARGET = 16.2;
				MTL_ENABLE_DEBUG_INFO = NO;
				MTL_FAST_MATH = YES;
				SDKROOT = iphoneos;
				SWIFT_COMPILATION_MODE = wholemodule;
				SWIFT_OPTIMIZATION_LEVEL = "-O";
				VALIDATE_PRODUCT = YES;
			};
			name = Release;
		};
		3ED90BF82A2E24420079B4D3 /* Debug */ = {
			isa = XCBuildConfiguration;
			baseConfigurationReference = 20732876E0B494D5AF100F24 /* Pods-GouGouLiu.debug.xcconfig */;
			buildSettings = {
				ASSETCATALOG_COMPILER_APPICON_NAME = AppIcon;
				ASSETCATALOG_COMPILER_GLOBAL_ACCENT_COLOR_NAME = AccentColor;
				CODE_SIGN_STYLE = Automatic;
				CURRENT_PROJECT_VERSION = 1;
				DEVELOPMENT_TEAM = ZXBN93R862;
				GCC_PREFIX_HEADER = "";
				GENERATE_INFOPLIST_FILE = YES;
				INFOPLIST_FILE = GouGouLiu/Support/Info.plist;
				INFOPLIST_KEY_CFBundleDisplayName = "狗狗溜";
				INFOPLIST_KEY_UIApplicationSupportsIndirectInputEvents = YES;
				INFOPLIST_KEY_UILaunchStoryboardName = LaunchScreen;
				INFOPLIST_KEY_UISupportedInterfaceOrientations = UIInterfaceOrientationPortrait;
				INFOPLIST_KEY_UISupportedInterfaceOrientations_iPad = "UIInterfaceOrientationLandscapeLeft UIInterfaceOrientationLandscapeRight UIInterfaceOrientationPortrait UIInterfaceOrientationPortraitUpsideDown";
				IPHONEOS_DEPLOYMENT_TARGET = 15.0;
				LD_RUNPATH_SEARCH_PATHS = (
					"$(inherited)",
					"@executable_path/Frameworks",
				);
				MARKETING_VERSION = 1.0;
				PRODUCT_BUNDLE_IDENTIFIER = cysDevelop.GouGouLiu;
				PRODUCT_NAME = "$(TARGET_NAME)";
				SUPPORTED_PLATFORMS = "iphoneos iphonesimulator";
				SUPPORTS_MACCATALYST = NO;
				SUPPORTS_MAC_DESIGNED_FOR_IPHONE_IPAD = YES;
				SWIFT_EMIT_LOC_STRINGS = YES;
				SWIFT_VERSION = 5.0;
				TARGETED_DEVICE_FAMILY = 1;
			};
			name = Debug;
		};
		3ED90BF92A2E24420079B4D3 /* Release */ = {
			isa = XCBuildConfiguration;
			baseConfigurationReference = EFC02D02FD232B01697F298E /* Pods-GouGouLiu.release.xcconfig */;
			buildSettings = {
				ASSETCATALOG_COMPILER_APPICON_NAME = AppIcon;
				ASSETCATALOG_COMPILER_GLOBAL_ACCENT_COLOR_NAME = AccentColor;
				CODE_SIGN_STYLE = Automatic;
				CURRENT_PROJECT_VERSION = 1;
				DEVELOPMENT_TEAM = ZXBN93R862;
				GCC_PREFIX_HEADER = "";
				GENERATE_INFOPLIST_FILE = YES;
				INFOPLIST_FILE = GouGouLiu/Support/Info.plist;
				INFOPLIST_KEY_CFBundleDisplayName = "狗狗溜";
				INFOPLIST_KEY_UIApplicationSupportsIndirectInputEvents = YES;
				INFOPLIST_KEY_UILaunchStoryboardName = LaunchScreen;
				INFOPLIST_KEY_UISupportedInterfaceOrientations = UIInterfaceOrientationPortrait;
				INFOPLIST_KEY_UISupportedInterfaceOrientations_iPad = "UIInterfaceOrientationLandscapeLeft UIInterfaceOrientationLandscapeRight UIInterfaceOrientationPortrait UIInterfaceOrientationPortraitUpsideDown";
				IPHONEOS_DEPLOYMENT_TARGET = 15.0;
				LD_RUNPATH_SEARCH_PATHS = (
					"$(inherited)",
					"@executable_path/Frameworks",
				);
				MARKETING_VERSION = 1.0;
				PRODUCT_BUNDLE_IDENTIFIER = cysDevelop.GouGouLiu;
				PRODUCT_NAME = "$(TARGET_NAME)";
				SUPPORTED_PLATFORMS = "iphoneos iphonesimulator";
				SUPPORTS_MACCATALYST = NO;
				SUPPORTS_MAC_DESIGNED_FOR_IPHONE_IPAD = YES;
				SWIFT_EMIT_LOC_STRINGS = YES;
				SWIFT_VERSION = 5.0;
				TARGETED_DEVICE_FAMILY = 1;
			};
			name = Release;
		};
		3EFE52452B179C8800AF3D0E /* Debug */ = {
			isa = XCBuildConfiguration;
			buildSettings = {
				ASSETCATALOG_COMPILER_GENERATE_SWIFT_ASSET_SYMBOL_EXTENSIONS = YES;
				BUNDLE_LOADER = "$(TEST_HOST)";
				CODE_SIGN_STYLE = Automatic;
				CURRENT_PROJECT_VERSION = 1;
				DEVELOPMENT_TEAM = ZXBN93R862;
				ENABLE_USER_SCRIPT_SANDBOXING = YES;
				GCC_C_LANGUAGE_STANDARD = gnu17;
				GENERATE_INFOPLIST_FILE = YES;
				IPHONEOS_DEPLOYMENT_TARGET = 13.0;
				LOCALIZATION_PREFERS_STRING_CATALOGS = YES;
				MARKETING_VERSION = 1.0;
				PRODUCT_BUNDLE_IDENTIFIER = com.cysDevelop.GouGouLiuTests;
				PRODUCT_NAME = "$(TARGET_NAME)";
				SWIFT_ACTIVE_COMPILATION_CONDITIONS = "DEBUG $(inherited)";
				SWIFT_EMIT_LOC_STRINGS = NO;
				SWIFT_VERSION = 5.0;
				TARGETED_DEVICE_FAMILY = "1,2";
				TEST_HOST = "$(BUILT_PRODUCTS_DIR)/GouGouLiu.app/$(BUNDLE_EXECUTABLE_FOLDER_PATH)/GouGouLiu";
			};
			name = Debug;
		};
		3EFE52462B179C8800AF3D0E /* Release */ = {
			isa = XCBuildConfiguration;
			buildSettings = {
				ASSETCATALOG_COMPILER_GENERATE_SWIFT_ASSET_SYMBOL_EXTENSIONS = YES;
				BUNDLE_LOADER = "$(TEST_HOST)";
				CODE_SIGN_STYLE = Automatic;
				CURRENT_PROJECT_VERSION = 1;
				DEVELOPMENT_TEAM = ZXBN93R862;
				ENABLE_USER_SCRIPT_SANDBOXING = YES;
				GCC_C_LANGUAGE_STANDARD = gnu17;
				GENERATE_INFOPLIST_FILE = YES;
				IPHONEOS_DEPLOYMENT_TARGET = 13.0;
				LOCALIZATION_PREFERS_STRING_CATALOGS = YES;
				MARKETING_VERSION = 1.0;
				PRODUCT_BUNDLE_IDENTIFIER = com.cysDevelop.GouGouLiuTests;
				PRODUCT_NAME = "$(TARGET_NAME)";
				SWIFT_EMIT_LOC_STRINGS = NO;
				SWIFT_VERSION = 5.0;
				TARGETED_DEVICE_FAMILY = "1,2";
				TEST_HOST = "$(BUILT_PRODUCTS_DIR)/GouGouLiu.app/$(BUNDLE_EXECUTABLE_FOLDER_PATH)/GouGouLiu";
			};
			name = Release;
		};
/* End XCBuildConfiguration section */

/* Begin XCConfigurationList section */
		3ED90BDE2A2E24410079B4D3 /* Build configuration list for PBXProject "GouGouLiu" */ = {
			isa = XCConfigurationList;
			buildConfigurations = (
				3ED90BF52A2E24420079B4D3 /* Debug */,
				3ED90BF62A2E24420079B4D3 /* Release */,
			);
			defaultConfigurationIsVisible = 0;
			defaultConfigurationName = Release;
		};
		3ED90BF72A2E24420079B4D3 /* Build configuration list for PBXNativeTarget "GouGouLiu" */ = {
			isa = XCConfigurationList;
			buildConfigurations = (
				3ED90BF82A2E24420079B4D3 /* Debug */,
				3ED90BF92A2E24420079B4D3 /* Release */,
			);
			defaultConfigurationIsVisible = 0;
			defaultConfigurationName = Release;
		};
		3EFE52472B179C8800AF3D0E /* Build configuration list for PBXNativeTarget "GouGouLiuTests" */ = {
			isa = XCConfigurationList;
			buildConfigurations = (
				3EFE52452B179C8800AF3D0E /* Debug */,
				3EFE52462B179C8800AF3D0E /* Release */,
			);
			defaultConfigurationIsVisible = 0;
			defaultConfigurationName = Release;
		};
/* End XCConfigurationList section */

/* Begin XCRemoteSwiftPackageReference section */
		3E6A55172B95D85000279BD6 /* XCRemoteSwiftPackageReference "realm-swift" */ = {
			isa = XCRemoteSwiftPackageReference;
			repositoryURL = "https://github.com/realm/realm-swift.git";
			requirement = {
				branch = master;
				kind = branch;
			};
		};
/* End XCRemoteSwiftPackageReference section */

/* Begin XCSwiftPackageProductDependency section */
		3E6A55182B95D85000279BD6 /* Realm */ = {
			isa = XCSwiftPackageProductDependency;
			package = 3E6A55172B95D85000279BD6 /* XCRemoteSwiftPackageReference "realm-swift" */;
			productName = Realm;
		};
		3E6A551A2B95D85000279BD6 /* RealmSwift */ = {
			isa = XCSwiftPackageProductDependency;
			package = 3E6A55172B95D85000279BD6 /* XCRemoteSwiftPackageReference "realm-swift" */;
			productName = RealmSwift;
		};
/* End XCSwiftPackageProductDependency section */
	};
	rootObject = 3ED90BDB2A2E24410079B4D3 /* Project object */;
}
